
Microsoft Visual Studio Solution File, Format Version 12.00
# Visual Studio Version 17
VisualStudioVersion = 17.11.35312.102
MinimumVisualStudioVersion = 10.0.40219.1
Project("{2150E333-8FDC-42A3-9474-1A3956D46DE8}") = "Day1", "Day1", "{BBD45164-661C-4134-A82B-226F1917B924}"
EndProject
Project("{2150E333-8FDC-42A3-9474-1A3956D46DE8}") = "Day2", "Day2", "{22057ED7-14C3-45D7-B8DF-7F1506F5814C}"
EndProject
Project("{2150E333-8FDC-42A3-9474-1A3956D46DE8}") = "Day3", "Day3", "{8695BDF8-AD0B-45A6-909D-F491CF3CCD50}"
EndProject
Project("{2150E333-8FDC-42A3-9474-1A3956D46DE8}") = "Day4", "Day4", "{BB60128F-473B-4538-BE31-E767476BC2C9}"
EndProject
Project("{2150E333-8FDC-42A3-9474-1A3956D46DE8}") = "Day5", "Day5", "{C899E5C7-3139-4303-9855-484611A4078B}"
EndProject
Project("{2150E333-8FDC-42A3-9474-1A3956D46DE8}") = "Day6", "Day6", "{AE00F992-F188-4C43-900B-0AF9B2CE1940}"
EndProject
Project("{FAE04EC0-301F-11D3-BF4B-00C04F79EFBC}") = "Question1", "..\Day 2\Assignment\Question1\Question1.csproj", "{8878F592-C059-477B-9FDE-06C645B55DCC}"
EndProject
Project("{FAE04EC0-301F-11D3-BF4B-00C04F79EFBC}") = "Question2", "..\Day 2\Assignment\Question2\Question2.csproj", "{EDBDE8CE-A06B-40A5-A9E8-2D01BC874446}"
EndProject
Project("{FAE04EC0-301F-11D3-BF4B-00C04F79EFBC}") = "FindingSum", "..\Day 2\Problems\FindingSum\FindingSum.csproj", "{8F9A0D81-BF07-4FF5-97F0-25F7E6A85844}"
EndProject
Project("{FAE04EC0-301F-11D3-BF4B-00C04F79EFBC}") = "ToUpperCaseExample", "..\Day 2\Problems\ToUpperCaseExample\ToUpperCaseExample.csproj", "{7EF8EE23-7FA5-411D-B591-8B0FCD576DA2}"
EndProject
Project("{FAE04EC0-301F-11D3-BF4B-00C04F79EFBC}") = "ArrayReversing", "..\Day 3\Problems\ArrayReversing\ArrayReversing.csproj", "{5A7B4183-FD46-4425-90EC-BF31A9424755}"
EndProject
Project("{FAE04EC0-301F-11D3-BF4B-00C04F79EFBC}") = "FindingSum", "..\Day 3\Problems\FindingSum\FindingSum.csproj", "{F9B00448-D2E1-4CAD-8495-8E656C115AC6}"
EndProject
Project("{FAE04EC0-301F-11D3-BF4B-00C04F79EFBC}") = "Calculator", "..\Day 4\Problems\Calculator\Calculator.csproj", "{4096B77E-AD21-418D-A78F-2BEAEB33EE51}"
EndProject
Project("{FAE04EC0-301F-11D3-BF4B-00C04F79EFBC}") = "Pattern", "..\Day 4\Problems\Pattern\Pattern.csproj", "{05CFF29B-15D3-4E45-8981-E402DE762396}"
EndProject
Project("{FAE04EC0-301F-11D3-BF4B-00C04F79EFBC}") = "Patterns", "..\Day 4\Problems\Patterns\Patterns.csproj", "{BABE1031-3D78-4B01-AD14-2A57D4AF2E95}"
EndProject
Project("{FAE04EC0-301F-11D3-BF4B-00C04F79EFBC}") = "StringBuilderExample", "..\Day 4\Problems\StringBuilderExample\StringBuilderExample.csproj", "{8987FC68-08CE-4BF0-8B47-CFB7EF3C6046}"
EndProject
Project("{FAE04EC0-301F-11D3-BF4B-00C04F79EFBC}") = "StringFunctions", "..\Day 4\Problems\StringFunctions\StringFunctions.csproj", "{6CB80C7D-6774-4B57-93DD-33AA8D78C9D4}"
EndProject
Project("{FAE04EC0-301F-11D3-BF4B-00C04F79EFBC}") = "AgeExample", "..\Day 5\Problems\AgeExample\AgeExample.csproj", "{068C8DCA-9369-40CF-9549-A1A93DBBAEDD}"
EndProject
Project("{FAE04EC0-301F-11D3-BF4B-00C04F79EFBC}") = "ArrayofListExample1", "..\Day 5\Problems\ArrayofListExample1\ArrayofListExample1.csproj", "{2105457D-5DB4-425C-B38F-D3EB1220E3FE}"
EndProject
Project("{FAE04EC0-301F-11D3-BF4B-00C04F79EFBC}") = "DateAndTime", "..\Day 5\Problems\DateAndTime\DateAndTime.csproj", "{7B6E9AEB-99E0-4950-97EB-7E457798775A}"
EndProject
Project("{FAE04EC0-301F-11D3-BF4B-00C04F79EFBC}") = "DictionaryExample", "..\Day 5\Problems\DictionaryExample\DictionaryExample.csproj", "{CF3A9E1E-5883-4601-8C3F-09B4159799E4}"
EndProject
Project("{FAE04EC0-301F-11D3-BF4B-00C04F79EFBC}") = "ListOfListExample", "..\Day 5\Problems\ListOfListExample\ListOfListExample.csproj", "{ECF8B073-AEB3-4D5C-B2BA-9EAAE7CD5FD2}"
EndProject
Project("{FAE04EC0-301F-11D3-BF4B-00C04F79EFBC}") = "ListDatatype", "..\Day 5\Problems\ListDatatype\ListDatatype.csproj", "{D4CBD018-10EA-41C8-BE07-8EA70A341450}"
EndProject
Project("{FAE04EC0-301F-11D3-BF4B-00C04F79EFBC}") = "NameSpaceExample", "..\Day 5\Problems\NameSpaceExample\NameSpaceExample.csproj", "{C6104513-3875-41D3-97CB-80B2D5657E4E}"
EndProject
Project("{FAE04EC0-301F-11D3-BF4B-00C04F79EFBC}") = "DictionaryExample1", "..\Day 5\Problems\DictionaryExample1\DictionaryExample1.csproj", "{40D57537-CCBB-4F62-9B1F-CF12DE7FD59A}"
EndProject
Project("{2150E333-8FDC-42A3-9474-1A3956D46DE8}") = "Day 9", "Day 9", "{47FECF46-0630-401A-A8AB-9E91C19869A4}"
EndProject
Project("{FAE04EC0-301F-11D3-BF4B-00C04F79EFBC}") = "PatientDiagnosis", "..\Day 9\PatientDiagnosis\PatientDiagnosis.csproj", "{CCBFCD21-416F-40C4-8CC8-20402B98E729}"
EndProject
Project("{FAE04EC0-301F-11D3-BF4B-00C04F79EFBC}") = "ProductManagement", "..\Day 9\ProductManagement\ProductManagement.csproj", "{492CF702-B5ED-41A1-B6A4-24B60E4C4979}"
EndProject
Project("{FAE04EC0-301F-11D3-BF4B-00C04F79EFBC}") = "Library", "..\Day 9\Library\Library.csproj", "{5A5E647E-C509-4A2C-8FF3-2F7A677B5D85}"
EndProject
Project("{FAE04EC0-301F-11D3-BF4B-00C04F79EFBC}") = "Assignment", "..\Day 9\Assignment\Assignment\Assignment.csproj", "{50925B0B-CDC0-4791-8260-211C92610352}"
EndProject
Project("{2150E333-8FDC-42A3-9474-1A3956D46DE8}") = "Day 10", "Day 10", "{5F49BFA3-5845-4AD9-AA66-D7931C167BC3}"
EndProject
Project("{FAE04EC0-301F-11D3-BF4B-00C04F79EFBC}") = "Assesment", "..\Day 10\Assesment\Assesment.csproj", "{3DBE5462-6D92-4806-872E-080AA5D635D3}"
EndProject
Project("{FAE04EC0-301F-11D3-BF4B-00C04F79EFBC}") = "Assesment1", "..\Assesments\Assesment1\Assesment1\Assesment1.csproj", "{8D7801E4-740C-44DE-880B-24BD844ACC49}"
EndProject
Project("{2150E333-8FDC-42A3-9474-1A3956D46DE8}") = "Day 11", "Day 11", "{3CCC5F19-C15F-4B30-B632-C103FC54490C}"
EndProject
Project("{FAE04EC0-301F-11D3-BF4B-00C04F79EFBC}") = "ClassExample", "..\Day 11\Problems\ClassExample\ClassExample.csproj", "{BE8D90E6-7FD9-421A-B96B-A774BC8D3106}"
EndProject
Project("{FAE04EC0-301F-11D3-BF4B-00C04F79EFBC}") = "ClassExample1", "..\Day 11\Problems\ClassExample1\ClassExample1.csproj", "{5FE3EEDA-FE4B-491C-AFC6-34EFA8CD856C}"
EndProject
Project("{FAE04EC0-301F-11D3-BF4B-00C04F79EFBC}") = "StudentClass", "..\Day 11\Problems\StudentClass\StudentClass.csproj", "{CAE02A74-7FEE-4A90-8BA5-69F8B0A1905F}"
EndProject
Project("{FAE04EC0-301F-11D3-BF4B-00C04F79EFBC}") = "SmartPhoneExample", "..\Day 11\Problems\SmartPhoneExample\SmartPhoneExample.csproj", "{191F04BC-0D65-4022-A309-AD58D3F64B49}"
EndProject
Project("{FAE04EC0-301F-11D3-BF4B-00C04F79EFBC}") = "Calculator", "..\Day 11\Problems\Calculator\Calculator.csproj", "{AF7522E4-30D0-4C14-9E28-552B3B19BD60}"
EndProject
Project("{FAE04EC0-301F-11D3-BF4B-00C04F79EFBC}") = "StudentExample", "..\Day 11\Problems\StudentExample\StudentExample.csproj", "{FBAF99D5-84A4-45AE-9195-BC15BB964418}"
EndProject
Project("{FAE04EC0-301F-11D3-BF4B-00C04F79EFBC}") = "StudentExample1", "..\Day 11\Problems\StudentExample1\StudentExample1.csproj", "{4257F5D3-EDAF-4D2A-821C-9D4AB3816215}"
EndProject
Project("{FAE04EC0-301F-11D3-BF4B-00C04F79EFBC}") = "CreditCard", "..\Day 11\Problems\CreditCard\CreditCard.csproj", "{62739657-8B0A-4D21-82DC-5C17168BB2E4}"
EndProject
Project("{FAE04EC0-301F-11D3-BF4B-00C04F79EFBC}") = "Question1", "..\Day 11\Assignments\Question1\Question1.csproj", "{FA2B5E49-1F54-4CFC-863E-03B22D111998}"
EndProject
Project("{2150E333-8FDC-42A3-9474-1A3956D46DE8}") = "Day 12", "Day 12", "{5AE238C2-FA14-4F31-AC20-0492FAF4729E}"
EndProject
Project("{FAE04EC0-301F-11D3-BF4B-00C04F79EFBC}") = "CreditCard", "..\Day 12\Problems\CreditCard\CreditCard.csproj", "{2B1FD7B2-C7A5-4FE3-AB4D-F41AE331C94D}"
EndProject
Project("{FAE04EC0-301F-11D3-BF4B-00C04F79EFBC}") = "StudentList", "..\Day 12\Problems\StudentList\StudentList.csproj", "{62FFAA37-CE58-4CA1-A13A-4AF77ED771EE}"
EndProject
Project("{FAE04EC0-301F-11D3-BF4B-00C04F79EFBC}") = "Question1", "..\Day 12\Assignment\Question1\Question1.csproj", "{3D521E98-CCD7-4AC8-9522-22FD92C13CE6}"
EndProject
Project("{FAE04EC0-301F-11D3-BF4B-00C04F79EFBC}") = "Properties", "..\Day 12\Problems\Poroperties\Properties.csproj", "{184289DF-28EA-4E2F-BB82-B3C8C0C98FCF}"
EndProject
Project("{FAE04EC0-301F-11D3-BF4B-00C04F79EFBC}") = "Address", "..\Day 12\Problems\Address\Address.csproj", "{04F3CA65-C549-4379-A3DA-786B5830DCE9}"
EndProject
Project("{FAE04EC0-301F-11D3-BF4B-00C04F79EFBC}") = "InheritanceExample", "..\Day 12\Problems\InheritanceExample\InheritanceExample.csproj", "{CE4E2280-DD24-44F0-9BE0-F1875146342B}"
EndProject
Project("{2150E333-8FDC-42A3-9474-1A3956D46DE8}") = "Day 13", "Day 13", "{E24854F2-E3E5-47CF-AFBD-0CACC227953D}"
EndProject
Project("{FAE04EC0-301F-11D3-BF4B-00C04F79EFBC}") = "ConstructorExample", "..\Day 13\Problems\ConstructorExample\ConstructorExample.csproj", "{2504BBA5-9B0E-42AD-8AE7-D68C37258262}"
EndProject
Project("{FAE04EC0-301F-11D3-BF4B-00C04F79EFBC}") = "EnumExample", "..\Day 13\Problems\EnumExample\EnumExample.csproj", "{7F5975EA-F81E-48CE-9508-14D5E8E3DD8D}"
EndProject
Project("{FAE04EC0-301F-11D3-BF4B-00C04F79EFBC}") = "FileHandling", "..\Day 13\Problems\FileHandling\FileHandling.csproj", "{AB7DDD32-F0F2-430E-9BDB-1F0AA4D32E22}"
EndProject
Project("{FAE04EC0-301F-11D3-BF4B-00C04F79EFBC}") = "InterfaceExample", "..\Day 13\Problems\InterfaceExample\InterfaceExample.csproj", "{4D39858B-3458-4C2A-8C25-7CB78ABAE9DD}"
EndProject
Project("{FAE04EC0-301F-11D3-BF4B-00C04F79EFBC}") = "EmployeeManagementApp", "..\Day 13\Problems\EmployeeManagement\EmployeeManagementApp\EmployeeManagementApp.csproj", "{E4CA0D31-64C2-4210-836C-CB7573645090}"
EndProject
Global
	GlobalSection(SolutionConfigurationPlatforms) = preSolution
		Debug|Any CPU = Debug|Any CPU
		Release|Any CPU = Release|Any CPU
	EndGlobalSection
	GlobalSection(ProjectConfigurationPlatforms) = postSolution
		{8878F592-C059-477B-9FDE-06C645B55DCC}.Debug|Any CPU.ActiveCfg = Debug|Any CPU
		{8878F592-C059-477B-9FDE-06C645B55DCC}.Debug|Any CPU.Build.0 = Debug|Any CPU
		{8878F592-C059-477B-9FDE-06C645B55DCC}.Release|Any CPU.ActiveCfg = Release|Any CPU
		{8878F592-C059-477B-9FDE-06C645B55DCC}.Release|Any CPU.Build.0 = Release|Any CPU
		{EDBDE8CE-A06B-40A5-A9E8-2D01BC874446}.Debug|Any CPU.ActiveCfg = Debug|Any CPU
		{EDBDE8CE-A06B-40A5-A9E8-2D01BC874446}.Debug|Any CPU.Build.0 = Debug|Any CPU
		{EDBDE8CE-A06B-40A5-A9E8-2D01BC874446}.Release|Any CPU.ActiveCfg = Release|Any CPU
		{EDBDE8CE-A06B-40A5-A9E8-2D01BC874446}.Release|Any CPU.Build.0 = Release|Any CPU
		{8F9A0D81-BF07-4FF5-97F0-25F7E6A85844}.Debug|Any CPU.ActiveCfg = Debug|Any CPU
		{8F9A0D81-BF07-4FF5-97F0-25F7E6A85844}.Debug|Any CPU.Build.0 = Debug|Any CPU
		{8F9A0D81-BF07-4FF5-97F0-25F7E6A85844}.Release|Any CPU.ActiveCfg = Release|Any CPU
		{8F9A0D81-BF07-4FF5-97F0-25F7E6A85844}.Release|Any CPU.Build.0 = Release|Any CPU
		{7EF8EE23-7FA5-411D-B591-8B0FCD576DA2}.Debug|Any CPU.ActiveCfg = Debug|Any CPU
		{7EF8EE23-7FA5-411D-B591-8B0FCD576DA2}.Debug|Any CPU.Build.0 = Debug|Any CPU
		{7EF8EE23-7FA5-411D-B591-8B0FCD576DA2}.Release|Any CPU.ActiveCfg = Release|Any CPU
		{7EF8EE23-7FA5-411D-B591-8B0FCD576DA2}.Release|Any CPU.Build.0 = Release|Any CPU
		{5A7B4183-FD46-4425-90EC-BF31A9424755}.Debug|Any CPU.ActiveCfg = Debug|Any CPU
		{5A7B4183-FD46-4425-90EC-BF31A9424755}.Debug|Any CPU.Build.0 = Debug|Any CPU
		{5A7B4183-FD46-4425-90EC-BF31A9424755}.Release|Any CPU.ActiveCfg = Release|Any CPU
		{5A7B4183-FD46-4425-90EC-BF31A9424755}.Release|Any CPU.Build.0 = Release|Any CPU
		{F9B00448-D2E1-4CAD-8495-8E656C115AC6}.Debug|Any CPU.ActiveCfg = Debug|Any CPU
		{F9B00448-D2E1-4CAD-8495-8E656C115AC6}.Debug|Any CPU.Build.0 = Debug|Any CPU
		{F9B00448-D2E1-4CAD-8495-8E656C115AC6}.Release|Any CPU.ActiveCfg = Release|Any CPU
		{F9B00448-D2E1-4CAD-8495-8E656C115AC6}.Release|Any CPU.Build.0 = Release|Any CPU
		{4096B77E-AD21-418D-A78F-2BEAEB33EE51}.Debug|Any CPU.ActiveCfg = Debug|Any CPU
		{4096B77E-AD21-418D-A78F-2BEAEB33EE51}.Debug|Any CPU.Build.0 = Debug|Any CPU
		{4096B77E-AD21-418D-A78F-2BEAEB33EE51}.Release|Any CPU.ActiveCfg = Release|Any CPU
		{4096B77E-AD21-418D-A78F-2BEAEB33EE51}.Release|Any CPU.Build.0 = Release|Any CPU
		{05CFF29B-15D3-4E45-8981-E402DE762396}.Debug|Any CPU.ActiveCfg = Debug|Any CPU
		{05CFF29B-15D3-4E45-8981-E402DE762396}.Debug|Any CPU.Build.0 = Debug|Any CPU
		{05CFF29B-15D3-4E45-8981-E402DE762396}.Release|Any CPU.ActiveCfg = Release|Any CPU
		{05CFF29B-15D3-4E45-8981-E402DE762396}.Release|Any CPU.Build.0 = Release|Any CPU
		{BABE1031-3D78-4B01-AD14-2A57D4AF2E95}.Debug|Any CPU.ActiveCfg = Debug|Any CPU
		{BABE1031-3D78-4B01-AD14-2A57D4AF2E95}.Debug|Any CPU.Build.0 = Debug|Any CPU
		{BABE1031-3D78-4B01-AD14-2A57D4AF2E95}.Release|Any CPU.ActiveCfg = Release|Any CPU
		{BABE1031-3D78-4B01-AD14-2A57D4AF2E95}.Release|Any CPU.Build.0 = Release|Any CPU
		{8987FC68-08CE-4BF0-8B47-CFB7EF3C6046}.Debug|Any CPU.ActiveCfg = Debug|Any CPU
		{8987FC68-08CE-4BF0-8B47-CFB7EF3C6046}.Debug|Any CPU.Build.0 = Debug|Any CPU
		{8987FC68-08CE-4BF0-8B47-CFB7EF3C6046}.Release|Any CPU.ActiveCfg = Release|Any CPU
		{8987FC68-08CE-4BF0-8B47-CFB7EF3C6046}.Release|Any CPU.Build.0 = Release|Any CPU
		{6CB80C7D-6774-4B57-93DD-33AA8D78C9D4}.Debug|Any CPU.ActiveCfg = Debug|Any CPU
		{6CB80C7D-6774-4B57-93DD-33AA8D78C9D4}.Debug|Any CPU.Build.0 = Debug|Any CPU
		{6CB80C7D-6774-4B57-93DD-33AA8D78C9D4}.Release|Any CPU.ActiveCfg = Release|Any CPU
		{6CB80C7D-6774-4B57-93DD-33AA8D78C9D4}.Release|Any CPU.Build.0 = Release|Any CPU
		{068C8DCA-9369-40CF-9549-A1A93DBBAEDD}.Debug|Any CPU.ActiveCfg = Debug|Any CPU
		{068C8DCA-9369-40CF-9549-A1A93DBBAEDD}.Debug|Any CPU.Build.0 = Debug|Any CPU
		{068C8DCA-9369-40CF-9549-A1A93DBBAEDD}.Release|Any CPU.ActiveCfg = Release|Any CPU
		{068C8DCA-9369-40CF-9549-A1A93DBBAEDD}.Release|Any CPU.Build.0 = Release|Any CPU
		{2105457D-5DB4-425C-B38F-D3EB1220E3FE}.Debug|Any CPU.ActiveCfg = Debug|Any CPU
		{2105457D-5DB4-425C-B38F-D3EB1220E3FE}.Debug|Any CPU.Build.0 = Debug|Any CPU
		{2105457D-5DB4-425C-B38F-D3EB1220E3FE}.Release|Any CPU.ActiveCfg = Release|Any CPU
		{2105457D-5DB4-425C-B38F-D3EB1220E3FE}.Release|Any CPU.Build.0 = Release|Any CPU
		{7B6E9AEB-99E0-4950-97EB-7E457798775A}.Debug|Any CPU.ActiveCfg = Debug|Any CPU
		{7B6E9AEB-99E0-4950-97EB-7E457798775A}.Debug|Any CPU.Build.0 = Debug|Any CPU
		{7B6E9AEB-99E0-4950-97EB-7E457798775A}.Release|Any CPU.ActiveCfg = Release|Any CPU
		{7B6E9AEB-99E0-4950-97EB-7E457798775A}.Release|Any CPU.Build.0 = Release|Any CPU
		{CF3A9E1E-5883-4601-8C3F-09B4159799E4}.Debug|Any CPU.ActiveCfg = Debug|Any CPU
		{CF3A9E1E-5883-4601-8C3F-09B4159799E4}.Debug|Any CPU.Build.0 = Debug|Any CPU
		{CF3A9E1E-5883-4601-8C3F-09B4159799E4}.Release|Any CPU.ActiveCfg = Release|Any CPU
		{CF3A9E1E-5883-4601-8C3F-09B4159799E4}.Release|Any CPU.Build.0 = Release|Any CPU
		{ECF8B073-AEB3-4D5C-B2BA-9EAAE7CD5FD2}.Debug|Any CPU.ActiveCfg = Debug|Any CPU
		{ECF8B073-AEB3-4D5C-B2BA-9EAAE7CD5FD2}.Debug|Any CPU.Build.0 = Debug|Any CPU
		{ECF8B073-AEB3-4D5C-B2BA-9EAAE7CD5FD2}.Release|Any CPU.ActiveCfg = Release|Any CPU
		{ECF8B073-AEB3-4D5C-B2BA-9EAAE7CD5FD2}.Release|Any CPU.Build.0 = Release|Any CPU
		{D4CBD018-10EA-41C8-BE07-8EA70A341450}.Debug|Any CPU.ActiveCfg = Debug|Any CPU
		{D4CBD018-10EA-41C8-BE07-8EA70A341450}.Debug|Any CPU.Build.0 = Debug|Any CPU
		{D4CBD018-10EA-41C8-BE07-8EA70A341450}.Release|Any CPU.ActiveCfg = Release|Any CPU
		{D4CBD018-10EA-41C8-BE07-8EA70A341450}.Release|Any CPU.Build.0 = Release|Any CPU
		{C6104513-3875-41D3-97CB-80B2D5657E4E}.Debug|Any CPU.ActiveCfg = Debug|Any CPU
		{C6104513-3875-41D3-97CB-80B2D5657E4E}.Debug|Any CPU.Build.0 = Debug|Any CPU
		{C6104513-3875-41D3-97CB-80B2D5657E4E}.Release|Any CPU.ActiveCfg = Release|Any CPU
		{C6104513-3875-41D3-97CB-80B2D5657E4E}.Release|Any CPU.Build.0 = Release|Any CPU
		{40D57537-CCBB-4F62-9B1F-CF12DE7FD59A}.Debug|Any CPU.ActiveCfg = Debug|Any CPU
		{40D57537-CCBB-4F62-9B1F-CF12DE7FD59A}.Debug|Any CPU.Build.0 = Debug|Any CPU
		{40D57537-CCBB-4F62-9B1F-CF12DE7FD59A}.Release|Any CPU.ActiveCfg = Release|Any CPU
		{40D57537-CCBB-4F62-9B1F-CF12DE7FD59A}.Release|Any CPU.Build.0 = Release|Any CPU
		{CCBFCD21-416F-40C4-8CC8-20402B98E729}.Debug|Any CPU.ActiveCfg = Debug|Any CPU
		{CCBFCD21-416F-40C4-8CC8-20402B98E729}.Debug|Any CPU.Build.0 = Debug|Any CPU
		{CCBFCD21-416F-40C4-8CC8-20402B98E729}.Release|Any CPU.ActiveCfg = Release|Any CPU
		{CCBFCD21-416F-40C4-8CC8-20402B98E729}.Release|Any CPU.Build.0 = Release|Any CPU
		{492CF702-B5ED-41A1-B6A4-24B60E4C4979}.Debug|Any CPU.ActiveCfg = Debug|Any CPU
		{492CF702-B5ED-41A1-B6A4-24B60E4C4979}.Debug|Any CPU.Build.0 = Debug|Any CPU
		{492CF702-B5ED-41A1-B6A4-24B60E4C4979}.Release|Any CPU.ActiveCfg = Release|Any CPU
		{492CF702-B5ED-41A1-B6A4-24B60E4C4979}.Release|Any CPU.Build.0 = Release|Any CPU
		{5A5E647E-C509-4A2C-8FF3-2F7A677B5D85}.Debug|Any CPU.ActiveCfg = Debug|Any CPU
		{5A5E647E-C509-4A2C-8FF3-2F7A677B5D85}.Debug|Any CPU.Build.0 = Debug|Any CPU
		{5A5E647E-C509-4A2C-8FF3-2F7A677B5D85}.Release|Any CPU.ActiveCfg = Release|Any CPU
		{5A5E647E-C509-4A2C-8FF3-2F7A677B5D85}.Release|Any CPU.Build.0 = Release|Any CPU
		{50925B0B-CDC0-4791-8260-211C92610352}.Debug|Any CPU.ActiveCfg = Debug|Any CPU
		{50925B0B-CDC0-4791-8260-211C92610352}.Debug|Any CPU.Build.0 = Debug|Any CPU
		{50925B0B-CDC0-4791-8260-211C92610352}.Release|Any CPU.ActiveCfg = Release|Any CPU
		{50925B0B-CDC0-4791-8260-211C92610352}.Release|Any CPU.Build.0 = Release|Any CPU
		{3DBE5462-6D92-4806-872E-080AA5D635D3}.Debug|Any CPU.ActiveCfg = Debug|Any CPU
		{3DBE5462-6D92-4806-872E-080AA5D635D3}.Debug|Any CPU.Build.0 = Debug|Any CPU
		{3DBE5462-6D92-4806-872E-080AA5D635D3}.Release|Any CPU.ActiveCfg = Release|Any CPU
		{3DBE5462-6D92-4806-872E-080AA5D635D3}.Release|Any CPU.Build.0 = Release|Any CPU
		{8D7801E4-740C-44DE-880B-24BD844ACC49}.Debug|Any CPU.ActiveCfg = Debug|Any CPU
		{8D7801E4-740C-44DE-880B-24BD844ACC49}.Debug|Any CPU.Build.0 = Debug|Any CPU
		{8D7801E4-740C-44DE-880B-24BD844ACC49}.Release|Any CPU.ActiveCfg = Release|Any CPU
		{8D7801E4-740C-44DE-880B-24BD844ACC49}.Release|Any CPU.Build.0 = Release|Any CPU
		{BE8D90E6-7FD9-421A-B96B-A774BC8D3106}.Debug|Any CPU.ActiveCfg = Debug|Any CPU
		{BE8D90E6-7FD9-421A-B96B-A774BC8D3106}.Debug|Any CPU.Build.0 = Debug|Any CPU
		{BE8D90E6-7FD9-421A-B96B-A774BC8D3106}.Release|Any CPU.ActiveCfg = Release|Any CPU
		{BE8D90E6-7FD9-421A-B96B-A774BC8D3106}.Release|Any CPU.Build.0 = Release|Any CPU
		{5FE3EEDA-FE4B-491C-AFC6-34EFA8CD856C}.Debug|Any CPU.ActiveCfg = Debug|Any CPU
		{5FE3EEDA-FE4B-491C-AFC6-34EFA8CD856C}.Debug|Any CPU.Build.0 = Debug|Any CPU
		{5FE3EEDA-FE4B-491C-AFC6-34EFA8CD856C}.Release|Any CPU.ActiveCfg = Release|Any CPU
		{5FE3EEDA-FE4B-491C-AFC6-34EFA8CD856C}.Release|Any CPU.Build.0 = Release|Any CPU
		{CAE02A74-7FEE-4A90-8BA5-69F8B0A1905F}.Debug|Any CPU.ActiveCfg = Debug|Any CPU
		{CAE02A74-7FEE-4A90-8BA5-69F8B0A1905F}.Debug|Any CPU.Build.0 = Debug|Any CPU
		{CAE02A74-7FEE-4A90-8BA5-69F8B0A1905F}.Release|Any CPU.ActiveCfg = Release|Any CPU
		{CAE02A74-7FEE-4A90-8BA5-69F8B0A1905F}.Release|Any CPU.Build.0 = Release|Any CPU
		{191F04BC-0D65-4022-A309-AD58D3F64B49}.Debug|Any CPU.ActiveCfg = Debug|Any CPU
		{191F04BC-0D65-4022-A309-AD58D3F64B49}.Debug|Any CPU.Build.0 = Debug|Any CPU
		{191F04BC-0D65-4022-A309-AD58D3F64B49}.Release|Any CPU.ActiveCfg = Release|Any CPU
		{191F04BC-0D65-4022-A309-AD58D3F64B49}.Release|Any CPU.Build.0 = Release|Any CPU
		{AF7522E4-30D0-4C14-9E28-552B3B19BD60}.Debug|Any CPU.ActiveCfg = Debug|Any CPU
		{AF7522E4-30D0-4C14-9E28-552B3B19BD60}.Debug|Any CPU.Build.0 = Debug|Any CPU
		{AF7522E4-30D0-4C14-9E28-552B3B19BD60}.Release|Any CPU.ActiveCfg = Release|Any CPU
		{AF7522E4-30D0-4C14-9E28-552B3B19BD60}.Release|Any CPU.Build.0 = Release|Any CPU
		{FBAF99D5-84A4-45AE-9195-BC15BB964418}.Debug|Any CPU.ActiveCfg = Debug|Any CPU
		{FBAF99D5-84A4-45AE-9195-BC15BB964418}.Debug|Any CPU.Build.0 = Debug|Any CPU
		{FBAF99D5-84A4-45AE-9195-BC15BB964418}.Release|Any CPU.ActiveCfg = Release|Any CPU
		{FBAF99D5-84A4-45AE-9195-BC15BB964418}.Release|Any CPU.Build.0 = Release|Any CPU
		{4257F5D3-EDAF-4D2A-821C-9D4AB3816215}.Debug|Any CPU.ActiveCfg = Debug|Any CPU
		{4257F5D3-EDAF-4D2A-821C-9D4AB3816215}.Debug|Any CPU.Build.0 = Debug|Any CPU
		{4257F5D3-EDAF-4D2A-821C-9D4AB3816215}.Release|Any CPU.ActiveCfg = Release|Any CPU
		{4257F5D3-EDAF-4D2A-821C-9D4AB3816215}.Release|Any CPU.Build.0 = Release|Any CPU
		{62739657-8B0A-4D21-82DC-5C17168BB2E4}.Debug|Any CPU.ActiveCfg = Debug|Any CPU
		{62739657-8B0A-4D21-82DC-5C17168BB2E4}.Debug|Any CPU.Build.0 = Debug|Any CPU
		{62739657-8B0A-4D21-82DC-5C17168BB2E4}.Release|Any CPU.ActiveCfg = Release|Any CPU
		{62739657-8B0A-4D21-82DC-5C17168BB2E4}.Release|Any CPU.Build.0 = Release|Any CPU
		{FA2B5E49-1F54-4CFC-863E-03B22D111998}.Debug|Any CPU.ActiveCfg = Debug|Any CPU
		{FA2B5E49-1F54-4CFC-863E-03B22D111998}.Debug|Any CPU.Build.0 = Debug|Any CPU
		{FA2B5E49-1F54-4CFC-863E-03B22D111998}.Release|Any CPU.ActiveCfg = Release|Any CPU
		{FA2B5E49-1F54-4CFC-863E-03B22D111998}.Release|Any CPU.Build.0 = Release|Any CPU
		{2B1FD7B2-C7A5-4FE3-AB4D-F41AE331C94D}.Debug|Any CPU.ActiveCfg = Debug|Any CPU
		{2B1FD7B2-C7A5-4FE3-AB4D-F41AE331C94D}.Debug|Any CPU.Build.0 = Debug|Any CPU
		{2B1FD7B2-C7A5-4FE3-AB4D-F41AE331C94D}.Release|Any CPU.ActiveCfg = Release|Any CPU
		{2B1FD7B2-C7A5-4FE3-AB4D-F41AE331C94D}.Release|Any CPU.Build.0 = Release|Any CPU
		{62FFAA37-CE58-4CA1-A13A-4AF77ED771EE}.Debug|Any CPU.ActiveCfg = Debug|Any CPU
		{62FFAA37-CE58-4CA1-A13A-4AF77ED771EE}.Debug|Any CPU.Build.0 = Debug|Any CPU
		{62FFAA37-CE58-4CA1-A13A-4AF77ED771EE}.Release|Any CPU.ActiveCfg = Release|Any CPU
		{62FFAA37-CE58-4CA1-A13A-4AF77ED771EE}.Release|Any CPU.Build.0 = Release|Any CPU
		{3D521E98-CCD7-4AC8-9522-22FD92C13CE6}.Debug|Any CPU.ActiveCfg = Debug|Any CPU
		{3D521E98-CCD7-4AC8-9522-22FD92C13CE6}.Debug|Any CPU.Build.0 = Debug|Any CPU
		{3D521E98-CCD7-4AC8-9522-22FD92C13CE6}.Release|Any CPU.ActiveCfg = Release|Any CPU
		{3D521E98-CCD7-4AC8-9522-22FD92C13CE6}.Release|Any CPU.Build.0 = Release|Any CPU
		{184289DF-28EA-4E2F-BB82-B3C8C0C98FCF}.Debug|Any CPU.ActiveCfg = Debug|Any CPU
		{184289DF-28EA-4E2F-BB82-B3C8C0C98FCF}.Debug|Any CPU.Build.0 = Debug|Any CPU
		{184289DF-28EA-4E2F-BB82-B3C8C0C98FCF}.Release|Any CPU.ActiveCfg = Release|Any CPU
		{184289DF-28EA-4E2F-BB82-B3C8C0C98FCF}.Release|Any CPU.Build.0 = Release|Any CPU
		{04F3CA65-C549-4379-A3DA-786B5830DCE9}.Debug|Any CPU.ActiveCfg = Debug|Any CPU
		{04F3CA65-C549-4379-A3DA-786B5830DCE9}.Debug|Any CPU.Build.0 = Debug|Any CPU
		{04F3CA65-C549-4379-A3DA-786B5830DCE9}.Release|Any CPU.ActiveCfg = Release|Any CPU
		{04F3CA65-C549-4379-A3DA-786B5830DCE9}.Release|Any CPU.Build.0 = Release|Any CPU
		{CE4E2280-DD24-44F0-9BE0-F1875146342B}.Debug|Any CPU.ActiveCfg = Debug|Any CPU
		{CE4E2280-DD24-44F0-9BE0-F1875146342B}.Debug|Any CPU.Build.0 = Debug|Any CPU
		{CE4E2280-DD24-44F0-9BE0-F1875146342B}.Release|Any CPU.ActiveCfg = Release|Any CPU
		{CE4E2280-DD24-44F0-9BE0-F1875146342B}.Release|Any CPU.Build.0 = Release|Any CPU
		{2504BBA5-9B0E-42AD-8AE7-D68C37258262}.Debug|Any CPU.ActiveCfg = Debug|Any CPU
		{2504BBA5-9B0E-42AD-8AE7-D68C37258262}.Debug|Any CPU.Build.0 = Debug|Any CPU
		{2504BBA5-9B0E-42AD-8AE7-D68C37258262}.Release|Any CPU.ActiveCfg = Release|Any CPU
		{2504BBA5-9B0E-42AD-8AE7-D68C37258262}.Release|Any CPU.Build.0 = Release|Any CPU
		{7F5975EA-F81E-48CE-9508-14D5E8E3DD8D}.Debug|Any CPU.ActiveCfg = Debug|Any CPU
		{7F5975EA-F81E-48CE-9508-14D5E8E3DD8D}.Debug|Any CPU.Build.0 = Debug|Any CPU
		{7F5975EA-F81E-48CE-9508-14D5E8E3DD8D}.Release|Any CPU.ActiveCfg = Release|Any CPU
		{7F5975EA-F81E-48CE-9508-14D5E8E3DD8D}.Release|Any CPU.Build.0 = Release|Any CPU
		{AB7DDD32-F0F2-430E-9BDB-1F0AA4D32E22}.Debug|Any CPU.ActiveCfg = Debug|Any CPU
		{AB7DDD32-F0F2-430E-9BDB-1F0AA4D32E22}.Debug|Any CPU.Build.0 = Debug|Any CPU
		{AB7DDD32-F0F2-430E-9BDB-1F0AA4D32E22}.Release|Any CPU.ActiveCfg = Release|Any CPU
		{AB7DDD32-F0F2-430E-9BDB-1F0AA4D32E22}.Release|Any CPU.Build.0 = Release|Any CPU
		{4D39858B-3458-4C2A-8C25-7CB78ABAE9DD}.Debug|Any CPU.ActiveCfg = Debug|Any CPU
		{4D39858B-3458-4C2A-8C25-7CB78ABAE9DD}.Debug|Any CPU.Build.0 = Debug|Any CPU
		{4D39858B-3458-4C2A-8C25-7CB78ABAE9DD}.Release|Any CPU.ActiveCfg = Release|Any CPU
		{4D39858B-3458-4C2A-8C25-7CB78ABAE9DD}.Release|Any CPU.Build.0 = Release|Any CPU
		{E4CA0D31-64C2-4210-836C-CB7573645090}.Debug|Any CPU.ActiveCfg = Debug|Any CPU
		{E4CA0D31-64C2-4210-836C-CB7573645090}.Debug|Any CPU.Build.0 = Debug|Any CPU
		{E4CA0D31-64C2-4210-836C-CB7573645090}.Release|Any CPU.ActiveCfg = Release|Any CPU
		{E4CA0D31-64C2-4210-836C-CB7573645090}.Release|Any CPU.Build.0 = Release|Any CPU
	EndGlobalSection
	GlobalSection(SolutionProperties) = preSolution
		HideSolutionNode = FALSE
	EndGlobalSection
	GlobalSection(NestedProjects) = preSolution
		{8878F592-C059-477B-9FDE-06C645B55DCC} = {22057ED7-14C3-45D7-B8DF-7F1506F5814C}
		{EDBDE8CE-A06B-40A5-A9E8-2D01BC874446} = {22057ED7-14C3-45D7-B8DF-7F1506F5814C}
		{8F9A0D81-BF07-4FF5-97F0-25F7E6A85844} = {22057ED7-14C3-45D7-B8DF-7F1506F5814C}
		{7EF8EE23-7FA5-411D-B591-8B0FCD576DA2} = {22057ED7-14C3-45D7-B8DF-7F1506F5814C}
		{5A7B4183-FD46-4425-90EC-BF31A9424755} = {8695BDF8-AD0B-45A6-909D-F491CF3CCD50}
		{F9B00448-D2E1-4CAD-8495-8E656C115AC6} = {8695BDF8-AD0B-45A6-909D-F491CF3CCD50}
		{4096B77E-AD21-418D-A78F-2BEAEB33EE51} = {BB60128F-473B-4538-BE31-E767476BC2C9}
		{05CFF29B-15D3-4E45-8981-E402DE762396} = {BB60128F-473B-4538-BE31-E767476BC2C9}
		{BABE1031-3D78-4B01-AD14-2A57D4AF2E95} = {BB60128F-473B-4538-BE31-E767476BC2C9}
		{8987FC68-08CE-4BF0-8B47-CFB7EF3C6046} = {BB60128F-473B-4538-BE31-E767476BC2C9}
		{6CB80C7D-6774-4B57-93DD-33AA8D78C9D4} = {BB60128F-473B-4538-BE31-E767476BC2C9}
		{068C8DCA-9369-40CF-9549-A1A93DBBAEDD} = {C899E5C7-3139-4303-9855-484611A4078B}
		{2105457D-5DB4-425C-B38F-D3EB1220E3FE} = {C899E5C7-3139-4303-9855-484611A4078B}
		{7B6E9AEB-99E0-4950-97EB-7E457798775A} = {C899E5C7-3139-4303-9855-484611A4078B}
		{CF3A9E1E-5883-4601-8C3F-09B4159799E4} = {C899E5C7-3139-4303-9855-484611A4078B}
		{ECF8B073-AEB3-4D5C-B2BA-9EAAE7CD5FD2} = {C899E5C7-3139-4303-9855-484611A4078B}
		{D4CBD018-10EA-41C8-BE07-8EA70A341450} = {C899E5C7-3139-4303-9855-484611A4078B}
		{C6104513-3875-41D3-97CB-80B2D5657E4E} = {C899E5C7-3139-4303-9855-484611A4078B}
		{40D57537-CCBB-4F62-9B1F-CF12DE7FD59A} = {C899E5C7-3139-4303-9855-484611A4078B}
		{CCBFCD21-416F-40C4-8CC8-20402B98E729} = {47FECF46-0630-401A-A8AB-9E91C19869A4}
		{492CF702-B5ED-41A1-B6A4-24B60E4C4979} = {47FECF46-0630-401A-A8AB-9E91C19869A4}
		{5A5E647E-C509-4A2C-8FF3-2F7A677B5D85} = {47FECF46-0630-401A-A8AB-9E91C19869A4}
		{50925B0B-CDC0-4791-8260-211C92610352} = {47FECF46-0630-401A-A8AB-9E91C19869A4}
		{3DBE5462-6D92-4806-872E-080AA5D635D3} = {5F49BFA3-5845-4AD9-AA66-D7931C167BC3}
		{8D7801E4-740C-44DE-880B-24BD844ACC49} = {5F49BFA3-5845-4AD9-AA66-D7931C167BC3}
		{BE8D90E6-7FD9-421A-B96B-A774BC8D3106} = {3CCC5F19-C15F-4B30-B632-C103FC54490C}
		{5FE3EEDA-FE4B-491C-AFC6-34EFA8CD856C} = {3CCC5F19-C15F-4B30-B632-C103FC54490C}
		{CAE02A74-7FEE-4A90-8BA5-69F8B0A1905F} = {3CCC5F19-C15F-4B30-B632-C103FC54490C}
		{191F04BC-0D65-4022-A309-AD58D3F64B49} = {3CCC5F19-C15F-4B30-B632-C103FC54490C}
		{AF7522E4-30D0-4C14-9E28-552B3B19BD60} = {3CCC5F19-C15F-4B30-B632-C103FC54490C}
		{FBAF99D5-84A4-45AE-9195-BC15BB964418} = {3CCC5F19-C15F-4B30-B632-C103FC54490C}
		{4257F5D3-EDAF-4D2A-821C-9D4AB3816215} = {3CCC5F19-C15F-4B30-B632-C103FC54490C}
		{62739657-8B0A-4D21-82DC-5C17168BB2E4} = {3CCC5F19-C15F-4B30-B632-C103FC54490C}
		{FA2B5E49-1F54-4CFC-863E-03B22D111998} = {3CCC5F19-C15F-4B30-B632-C103FC54490C}
		{2B1FD7B2-C7A5-4FE3-AB4D-F41AE331C94D} = {5AE238C2-FA14-4F31-AC20-0492FAF4729E}
		{62FFAA37-CE58-4CA1-A13A-4AF77ED771EE} = {5AE238C2-FA14-4F31-AC20-0492FAF4729E}
		{3D521E98-CCD7-4AC8-9522-22FD92C13CE6} = {5AE238C2-FA14-4F31-AC20-0492FAF4729E}
		{184289DF-28EA-4E2F-BB82-B3C8C0C98FCF} = {5AE238C2-FA14-4F31-AC20-0492FAF4729E}
		{04F3CA65-C549-4379-A3DA-786B5830DCE9} = {5AE238C2-FA14-4F31-AC20-0492FAF4729E}
		{CE4E2280-DD24-44F0-9BE0-F1875146342B} = {5AE238C2-FA14-4F31-AC20-0492FAF4729E}
		{2504BBA5-9B0E-42AD-8AE7-D68C37258262} = {E24854F2-E3E5-47CF-AFBD-0CACC227953D}
		{7F5975EA-F81E-48CE-9508-14D5E8E3DD8D} = {E24854F2-E3E5-47CF-AFBD-0CACC227953D}
		{AB7DDD32-F0F2-430E-9BDB-1F0AA4D32E22} = {E24854F2-E3E5-47CF-AFBD-0CACC227953D}
		{4D39858B-3458-4C2A-8C25-7CB78ABAE9DD} = {E24854F2-E3E5-47CF-AFBD-0CACC227953D}
		{E4CA0D31-64C2-4210-836C-CB7573645090} = {E24854F2-E3E5-47CF-AFBD-0CACC227953D}
	EndGlobalSection
	GlobalSection(ExtensibilityGlobals) = postSolution
		SolutionGuid = {18C8B573-86C5-4259-9687-7BD20193AE15}
	EndGlobalSection
EndGlobal
