
Microsoft Visual Studio Solution File, Format Version 12.00
# Visual Studio Version 17
VisualStudioVersion = 17.11.35312.102
MinimumVisualStudioVersion = 10.0.40219.1
Project("{2150E333-8FDC-42A3-9474-1A3956D46DE8}") = "Day1", "Day1", "{BBD45164-661C-4134-A82B-226F1917B924}"
EndProject
Project("{2150E333-8FDC-42A3-9474-1A3956D46DE8}") = "Day2", "Day2", "{22057ED7-14C3-45D7-B8DF-7F1506F5814C}"
EndProject
Project("{2150E333-8FDC-42A3-9474-1A3956D46DE8}") = "Day3", "Day3", "{8695BDF8-AD0B-45A6-909D-F491CF3CCD50}"
EndProject
Project("{2150E333-8FDC-42A3-9474-1A3956D46DE8}") = "Day4", "Day4", "{BB60128F-473B-4538-BE31-E767476BC2C9}"
EndProject
Project("{2150E333-8FDC-42A3-9474-1A3956D46DE8}") = "Day5", "Day5", "{C899E5C7-3139-4303-9855-484611A4078B}"
EndProject
Project("{2150E333-8FDC-42A3-9474-1A3956D46DE8}") = "Day6", "Day6", "{AE00F992-F188-4C43-900B-0AF9B2CE1940}"
EndProject
Project("{FAE04EC0-301F-11D3-BF4B-00C04F79EFBC}") = "Question1", "..\Day 2\Assignment\Question1\Question1.csproj", "{8878F592-C059-477B-9FDE-06C645B55DCC}"
EndProject
Project("{FAE04EC0-301F-11D3-BF4B-00C04F79EFBC}") = "Question2", "..\Day 2\Assignment\Question2\Question2.csproj", "{EDBDE8CE-A06B-40A5-A9E8-2D01BC874446}"
EndProject
Project("{FAE04EC0-301F-11D3-BF4B-00C04F79EFBC}") = "FindingSum", "..\Day 2\Problems\FindingSum\FindingSum.csproj", "{8F9A0D81-BF07-4FF5-97F0-25F7E6A85844}"
EndProject
Project("{FAE04EC0-301F-11D3-BF4B-00C04F79EFBC}") = "ToUpperCaseExample", "..\Day 2\Problems\ToUpperCaseExample\ToUpperCaseExample.csproj", "{7EF8EE23-7FA5-411D-B591-8B0FCD576DA2}"
EndProject
Project("{FAE04EC0-301F-11D3-BF4B-00C04F79EFBC}") = "ArrayReversing", "..\Day 3\Problems\ArrayReversing\ArrayReversing.csproj", "{5A7B4183-FD46-4425-90EC-BF31A9424755}"
EndProject
Project("{FAE04EC0-301F-11D3-BF4B-00C04F79EFBC}") = "FindingSum", "..\Day 3\Problems\FindingSum\FindingSum.csproj", "{F9B00448-D2E1-4CAD-8495-8E656C115AC6}"
EndProject
Project("{FAE04EC0-301F-11D3-BF4B-00C04F79EFBC}") = "Calculator", "..\Day 4\Problems\Calculator\Calculator.csproj", "{4096B77E-AD21-418D-A78F-2BEAEB33EE51}"
EndProject
Project("{FAE04EC0-301F-11D3-BF4B-00C04F79EFBC}") = "Pattern", "..\Day 4\Problems\Pattern\Pattern.csproj", "{05CFF29B-15D3-4E45-8981-E402DE762396}"
EndProject
Project("{FAE04EC0-301F-11D3-BF4B-00C04F79EFBC}") = "Patterns", "..\Day 4\Problems\Patterns\Patterns.csproj", "{BABE1031-3D78-4B01-AD14-2A57D4AF2E95}"
EndProject
Project("{FAE04EC0-301F-11D3-BF4B-00C04F79EFBC}") = "StringBuilderExample", "..\Day 4\Problems\StringBuilderExample\StringBuilderExample.csproj", "{8987FC68-08CE-4BF0-8B47-CFB7EF3C6046}"
EndProject
Project("{FAE04EC0-301F-11D3-BF4B-00C04F79EFBC}") = "StringFunctions", "..\Day 4\Problems\StringFunctions\StringFunctions.csproj", "{6CB80C7D-6774-4B57-93DD-33AA8D78C9D4}"
EndProject
Project("{FAE04EC0-301F-11D3-BF4B-00C04F79EFBC}") = "AgeExample", "..\Day 5\Problems\AgeExample\AgeExample.csproj", "{068C8DCA-9369-40CF-9549-A1A93DBBAEDD}"
EndProject
Project("{FAE04EC0-301F-11D3-BF4B-00C04F79EFBC}") = "ArrayofListExample1", "..\Day 5\Problems\ArrayofListExample1\ArrayofListExample1.csproj", "{2105457D-5DB4-425C-B38F-D3EB1220E3FE}"
EndProject
Project("{FAE04EC0-301F-11D3-BF4B-00C04F79EFBC}") = "DateAndTime", "..\Day 5\Problems\DateAndTime\DateAndTime.csproj", "{7B6E9AEB-99E0-4950-97EB-7E457798775A}"
EndProject
Project("{FAE04EC0-301F-11D3-BF4B-00C04F79EFBC}") = "DictionaryExample", "..\Day 5\Problems\DictionaryExample\DictionaryExample.csproj", "{CF3A9E1E-5883-4601-8C3F-09B4159799E4}"
EndProject
Project("{FAE04EC0-301F-11D3-BF4B-00C04F79EFBC}") = "ListOfListExample", "..\Day 5\Problems\ListOfListExample\ListOfListExample.csproj", "{ECF8B073-AEB3-4D5C-B2BA-9EAAE7CD5FD2}"
EndProject
Project("{FAE04EC0-301F-11D3-BF4B-00C04F79EFBC}") = "ListDatatype", "..\Day 5\Problems\ListDatatype\ListDatatype.csproj", "{D4CBD018-10EA-41C8-BE07-8EA70A341450}"
EndProject
Project("{FAE04EC0-301F-11D3-BF4B-00C04F79EFBC}") = "NameSpaceExample", "..\Day 5\Problems\NameSpaceExample\NameSpaceExample.csproj", "{C6104513-3875-41D3-97CB-80B2D5657E4E}"
EndProject
Project("{FAE04EC0-301F-11D3-BF4B-00C04F79EFBC}") = "DictionaryExample1", "..\Day 5\Problems\DictionaryExample1\DictionaryExample1.csproj", "{40D57537-CCBB-4F62-9B1F-CF12DE7FD59A}"
EndProject
Project("{2150E333-8FDC-42A3-9474-1A3956D46DE8}") = "Day 9", "Day 9", "{47FECF46-0630-401A-A8AB-9E91C19869A4}"
EndProject
Project("{FAE04EC0-301F-11D3-BF4B-00C04F79EFBC}") = "PatientDiagnosis", "..\Day 9\PatientDiagnosis\PatientDiagnosis.csproj", "{CCBFCD21-416F-40C4-8CC8-20402B98E729}"
EndProject
Project("{FAE04EC0-301F-11D3-BF4B-00C04F79EFBC}") = "ProductManagement", "..\Day 9\ProductManagement\ProductManagement.csproj", "{492CF702-B5ED-41A1-B6A4-24B60E4C4979}"
EndProject
Project("{FAE04EC0-301F-11D3-BF4B-00C04F79EFBC}") = "Library", "..\Day 9\Library\Library.csproj", "{5A5E647E-C509-4A2C-8FF3-2F7A677B5D85}"
EndProject
Project("{FAE04EC0-301F-11D3-BF4B-00C04F79EFBC}") = "Assignment", "..\Day 9\Assignment\Assignment\Assignment.csproj", "{50925B0B-CDC0-4791-8260-211C92610352}"
EndProject
Project("{2150E333-8FDC-42A3-9474-1A3956D46DE8}") = "Day 10", "Day 10", "{5F49BFA3-5845-4AD9-AA66-D7931C167BC3}"
EndProject
Project("{FAE04EC0-301F-11D3-BF4B-00C04F79EFBC}") = "Assesment", "..\Day 10\Assesment\Assesment.csproj", "{3DBE5462-6D92-4806-872E-080AA5D635D3}"
EndProject
Project("{FAE04EC0-301F-11D3-BF4B-00C04F79EFBC}") = "Assesment1", "..\Assesments\Assesment1\Assesment1\Assesment1.csproj", "{8D7801E4-740C-44DE-880B-24BD844ACC49}"
EndProject
Project("{2150E333-8FDC-42A3-9474-1A3956D46DE8}") = "Day 11", "Day 11", "{3CCC5F19-C15F-4B30-B632-C103FC54490C}"
EndProject
Project("{FAE04EC0-301F-11D3-BF4B-00C04F79EFBC}") = "ClassExample", "..\Day 11\Problems\ClassExample\ClassExample.csproj", "{BE8D90E6-7FD9-421A-B96B-A774BC8D3106}"
EndProject
Project("{FAE04EC0-301F-11D3-BF4B-00C04F79EFBC}") = "ClassExample1", "..\Day 11\Problems\ClassExample1\ClassExample1.csproj", "{5FE3EEDA-FE4B-491C-AFC6-34EFA8CD856C}"
EndProject
Project("{FAE04EC0-301F-11D3-BF4B-00C04F79EFBC}") = "StudentClass", "..\Day 11\Problems\StudentClass\StudentClass.csproj", "{CAE02A74-7FEE-4A90-8BA5-69F8B0A1905F}"
EndProject
Project("{FAE04EC0-301F-11D3-BF4B-00C04F79EFBC}") = "SmartPhoneExample", "..\Day 11\Problems\SmartPhoneExample\SmartPhoneExample.csproj", "{191F04BC-0D65-4022-A309-AD58D3F64B49}"
EndProject
Project("{FAE04EC0-301F-11D3-BF4B-00C04F79EFBC}") = "Calculator", "..\Day 11\Problems\Calculator\Calculator.csproj", "{AF7522E4-30D0-4C14-9E28-552B3B19BD60}"
EndProject
Project("{FAE04EC0-301F-11D3-BF4B-00C04F79EFBC}") = "StudentExample", "..\Day 11\Problems\StudentExample\StudentExample.csproj", "{FBAF99D5-84A4-45AE-9195-BC15BB964418}"
EndProject
Project("{FAE04EC0-301F-11D3-BF4B-00C04F79EFBC}") = "StudentExample1", "..\Day 11\Problems\StudentExample1\StudentExample1.csproj", "{4257F5D3-EDAF-4D2A-821C-9D4AB3816215}"
EndProject
Project("{FAE04EC0-301F-11D3-BF4B-00C04F79EFBC}") = "CreditCard", "..\Day 11\Problems\CreditCard\CreditCard.csproj", "{62739657-8B0A-4D21-82DC-5C17168BB2E4}"
EndProject
Project("{FAE04EC0-301F-11D3-BF4B-00C04F79EFBC}") = "Question1", "..\Day 11\Assignments\Question1\Question1.csproj", "{FA2B5E49-1F54-4CFC-863E-03B22D111998}"
EndProject
Project("{2150E333-8FDC-42A3-9474-1A3956D46DE8}") = "Day 12", "Day 12", "{5AE238C2-FA14-4F31-AC20-0492FAF4729E}"
EndProject
Project("{FAE04EC0-301F-11D3-BF4B-00C04F79EFBC}") = "CreditCard", "..\Day 12\Problems\CreditCard\CreditCard.csproj", "{2B1FD7B2-C7A5-4FE3-AB4D-F41AE331C94D}"
EndProject
Project("{FAE04EC0-301F-11D3-BF4B-00C04F79EFBC}") = "StudentList", "..\Day 12\Problems\StudentList\StudentList.csproj", "{62FFAA37-CE58-4CA1-A13A-4AF77ED771EE}"
EndProject
Project("{FAE04EC0-301F-11D3-BF4B-00C04F79EFBC}") = "Question1", "..\Day 12\Assignment\Question1\Question1.csproj", "{3D521E98-CCD7-4AC8-9522-22FD92C13CE6}"
EndProject
Project("{FAE04EC0-301F-11D3-BF4B-00C04F79EFBC}") = "Properties", "..\Day 12\Problems\Poroperties\Properties.csproj", "{184289DF-28EA-4E2F-BB82-B3C8C0C98FCF}"
EndProject
Project("{FAE04EC0-301F-11D3-BF4B-00C04F79EFBC}") = "Address", "..\Day 12\Problems\Address\Address.csproj", "{04F3CA65-C549-4379-A3DA-786B5830DCE9}"
EndProject
Project("{FAE04EC0-301F-11D3-BF4B-00C04F79EFBC}") = "InheritanceExample", "..\Day 12\Problems\InheritanceExample\InheritanceExample.csproj", "{CE4E2280-DD24-44F0-9BE0-F1875146342B}"
EndProject
Project("{2150E333-8FDC-42A3-9474-1A3956D46DE8}") = "Day 13", "Day 13", "{E24854F2-E3E5-47CF-AFBD-0CACC227953D}"
EndProject
Project("{FAE04EC0-301F-11D3-BF4B-00C04F79EFBC}") = "ConstructorExample", "..\Day 13\Problems\ConstructorExample\ConstructorExample.csproj", "{2504BBA5-9B0E-42AD-8AE7-D68C37258262}"
EndProject
Project("{FAE04EC0-301F-11D3-BF4B-00C04F79EFBC}") = "EnumExample", "..\Day 13\Problems\EnumExample\EnumExample.csproj", "{7F5975EA-F81E-48CE-9508-14D5E8E3DD8D}"
EndProject
Project("{FAE04EC0-301F-11D3-BF4B-00C04F79EFBC}") = "FileHandling", "..\Day 13\Problems\FileHandling\FileHandling.csproj", "{AB7DDD32-F0F2-430E-9BDB-1F0AA4D32E22}"
EndProject
Project("{FAE04EC0-301F-11D3-BF4B-00C04F79EFBC}") = "InterfaceExample", "..\Day 13\Problems\InterfaceExample\InterfaceExample.csproj", "{4D39858B-3458-4C2A-8C25-7CB78ABAE9DD}"
EndProject
Project("{FAE04EC0-301F-11D3-BF4B-00C04F79EFBC}") = "EmployeeManagementApp", "..\Day 13\Problems\EmployeeManagement\EmployeeManagementApp\EmployeeManagementApp.csproj", "{E4CA0D31-64C2-4210-836C-CB7573645090}"
EndProject
Project("{FAE04EC0-301F-11D3-BF4B-00C04F79EFBC}") = "StudentManagementApp", "..\Day 13\Problems\StudentManagementApp\StudentManagementApp.csproj", "{407DD05C-F252-4584-A17D-E770F5493BF1}"
EndProject
Project("{2150E333-8FDC-42A3-9474-1A3956D46DE8}") = "Day 14", "Day 14", "{6D8AA00A-736F-4A50-9213-9C17DA305225}"
EndProject
Project("{FAE04EC0-301F-11D3-BF4B-00C04F79EFBC}") = "BookManagementApp", "..\Day 14\Problems\BookManagementApp\BookManagementApp.csproj", "{08705EBA-C777-4964-AD86-6D183B8A6007}"
EndProject
Project("{FAE04EC0-301F-11D3-BF4B-00C04F79EFBC}") = "AbstractClasses", "..\Day 14\Problems\AbstractClasses\AbstractClasses.csproj", "{79D045DE-E50C-4957-ABB3-DF783373ACCB}"
EndProject
Project("{FAE04EC0-301F-11D3-BF4B-00C04F79EFBC}") = "DelegatesExample", "..\Day 14\Problems\DelegatesExample\DelegatesExample.csproj", "{E1DA62B1-C833-4DA1-8D37-A2E44B5DD20F}"
EndProject
Project("{FAE04EC0-301F-11D3-BF4B-00C04F79EFBC}") = "Question1", "..\Day 14\Assignment\Question1\Question1.csproj", "{F1A3E7C6-FD65-423E-8B90-561B313A4219}"
EndProject
Project("{FAE04EC0-301F-11D3-BF4B-00C04F79EFBC}") = "Question2", "..\Day 14\Assignment\Question2\Question2.csproj", "{C0A1B08E-3A40-42FB-AC88-0CF57333CC6D}"
EndProject
Project("{FAE04EC0-301F-11D3-BF4B-00C04F79EFBC}") = "Question3", "..\Day 14\Assignment\Question3\Question3.csproj", "{BFB3E729-94A2-4576-9FB6-495A571D3A91}"
EndProject
Project("{FAE04EC0-301F-11D3-BF4B-00C04F79EFBC}") = "Question4", "..\Day 14\Assignment\Question4\Question4.csproj", "{A2607079-FFCB-4005-AFFB-1F9995A9F465}"
EndProject
Project("{FAE04EC0-301F-11D3-BF4B-00C04F79EFBC}") = "Question5", "..\Day 14\Assignment\Question5\Question5.csproj", "{B3CC80FF-DBC3-48BA-BC30-4CD7255D03FD}"
EndProject
Project("{FAE04EC0-301F-11D3-BF4B-00C04F79EFBC}") = "Question6", "..\Day 14\Assignment\Question6\Question6.csproj", "{230F59FA-E744-4249-B2B2-343FC5F0B18E}"
EndProject
Project("{FAE04EC0-301F-11D3-BF4B-00C04F79EFBC}") = "Question7", "..\Day 14\Assignment\Question7\Question7.csproj", "{037B7BC8-040E-48EC-958D-BD0DD808A1CA}"
EndProject
Project("{FAE04EC0-301F-11D3-BF4B-00C04F79EFBC}") = "Question8", "..\Day 14\Assignment\Question8\Question8.csproj", "{314751B8-0573-49C4-B5F0-0F73F4A02D45}"
EndProject
Project("{FAE04EC0-301F-11D3-BF4B-00C04F79EFBC}") = "Question9", "..\Day 14\Assignment\Question9\Question9.csproj", "{0287E260-A0B9-4F59-BFE5-EB08BFC1B638}"
EndProject
Project("{FAE04EC0-301F-11D3-BF4B-00C04F79EFBC}") = "Question10", "..\Day 14\Assignment\Question10\Question10.csproj", "{B03F48BF-E9B4-491E-A37D-37DD17B61255}"
EndProject
Project("{FAE04EC0-301F-11D3-BF4B-00C04F79EFBC}") = "Question11", "..\Day 14\Assignment\Question11\Question11.csproj", "{CAC65A07-0C3C-41C7-9DC9-0CAF0135905C}"
EndProject
Project("{FAE04EC0-301F-11D3-BF4B-00C04F79EFBC}") = "Question13", "..\Day 14\Assignment\Question13\Question13.csproj", "{A437E5A8-3F20-4C40-BB81-B7B2DFCB6E08}"
EndProject
Project("{FAE04EC0-301F-11D3-BF4B-00C04F79EFBC}") = "Question14", "..\Day 14\Assignment\Question14\Question14.csproj", "{210910CC-9658-4229-8790-AB0ED65DB184}"
EndProject
Project("{FAE04EC0-301F-11D3-BF4B-00C04F79EFBC}") = "Question12", "..\Day 14\Assignment\Question12\Question12.csproj", "{C40A9640-90AB-4FC5-809C-A88354DCE0DB}"
EndProject
Project("{FAE04EC0-301F-11D3-BF4B-00C04F79EFBC}") = "Question15", "..\Day 14\Assignment\Question15\Question15.csproj", "{E09B1B36-6CC9-4B2E-9AED-0E1915AE0A18}"
EndProject
Project("{FAE04EC0-301F-11D3-BF4B-00C04F79EFBC}") = "Question16", "..\Day 14\Assignment\Question16\Question16.csproj", "{6C61497D-F412-4749-9840-C89A562EB202}"
EndProject
Project("{2150E333-8FDC-42A3-9474-1A3956D46DE8}") = "Day 15", "Day 15", "{0B465DED-7B65-4983-B3CE-507CEC93BD9F}"
EndProject
Project("{FAE04EC0-301F-11D3-BF4B-00C04F79EFBC}") = "LinqExample", "..\Day 15\Problems\LinqExample\LinqExample.csproj", "{330A4A45-8649-40D6-968E-7E01344CAD84}"
EndProject
Project("{FAE04EC0-301F-11D3-BF4B-00C04F79EFBC}") = "LinqExample1", "..\Day 15\Problems\LinqExample1\LinqExample1.csproj", "{8C26C3B3-AB2C-4B6C-8C8B-4B7F150D7617}"
EndProject
Project("{FAE04EC0-301F-11D3-BF4B-00C04F79EFBC}") = "LinqExample2", "..\Day 15\Problems\LinqExample2\LinqExample2.csproj", "{E938229F-11BF-446D-9ABC-23F1E7057ABA}"
EndProject
Project("{FAE04EC0-301F-11D3-BF4B-00C04F79EFBC}") = "LinqExample3", "..\Day 15\Problems\LinqExample3\LinqExample3.csproj", "{1E166197-9BA5-4C2E-8D93-2E9653471BAA}"
EndProject
Project("{FAE04EC0-301F-11D3-BF4B-00C04F79EFBC}") = "Question1", "..\Day 15\Problems\Question1\Question1.csproj", "{B0DC9BF5-F4C8-4696-BEC2-45A4EF5CA58C}"
EndProject
Project("{FAE04EC0-301F-11D3-BF4B-00C04F79EFBC}") = "Question2", "..\Day 15\Problems\Question2\Question2.csproj", "{82A19526-3561-4BCB-9FA2-8062C46D6D86}"
EndProject
Project("{FAE04EC0-301F-11D3-BF4B-00C04F79EFBC}") = "Question3", "..\Day 15\Problems\Question3\Question3.csproj", "{58688FC9-F457-4A64-8A4F-D760B7775749}"
EndProject
Project("{FAE04EC0-301F-11D3-BF4B-00C04F79EFBC}") = "Question4", "..\Day 15\Problems\Question4\Question4.csproj", "{D24ADD55-469C-4C09-8C65-E44642EF8843}"
EndProject
Project("{FAE04EC0-301F-11D3-BF4B-00C04F79EFBC}") = "Question5", "..\Day 15\Problems\Question5\Question5.csproj", "{EC51DB80-69BA-4DC6-AD55-DEEBA2811882}"
EndProject
Project("{FAE04EC0-301F-11D3-BF4B-00C04F79EFBC}") = "Question6", "..\Day 15\Problems\Question6\Question6.csproj", "{A8C6D531-31EF-4E75-B482-FFCF498C9A35}"
EndProject
Project("{FAE04EC0-301F-11D3-BF4B-00C04F79EFBC}") = "Question8", "..\Day 15\Problems\Question8\Question8.csproj", "{537D0CC2-B2E8-4FC6-AF0B-BF2790607EC4}"
EndProject
Project("{FAE04EC0-301F-11D3-BF4B-00C04F79EFBC}") = "Question7", "..\Day 15\Problems\Question7\Question7.csproj", "{36E19950-1AA3-43DD-BB33-87AEFC76E83B}"
EndProject
Project("{FAE04EC0-301F-11D3-BF4B-00C04F79EFBC}") = "Question9", "..\Day 15\Problems\Question9\Question9.csproj", "{FFB9E9D2-7F27-436A-B57B-A6C63F4815F4}"
EndProject
Project("{FAE04EC0-301F-11D3-BF4B-00C04F79EFBC}") = "Question10", "..\Day 15\Problems\Question10\Question10.csproj", "{D5F7BC04-6E36-439B-93BD-7D7E0E5BBD74}"
EndProject
Project("{FAE04EC0-301F-11D3-BF4B-00C04F79EFBC}") = "Question11", "..\Day 15\Problems\Question11\Question11.csproj", "{4BB982F9-E102-4AF2-96B1-03022849D0E4}"
EndProject
Project("{FAE04EC0-301F-11D3-BF4B-00C04F79EFBC}") = "Question12", "..\Day 15\Problems\Question12\Question12.csproj", "{68973811-D74C-4BE1-9CA5-961AF2EFFE8A}"
EndProject
Project("{FAE04EC0-301F-11D3-BF4B-00C04F79EFBC}") = "Question13", "..\Day 15\Problems\Question13\Question13.csproj", "{39F29A05-1641-436F-A924-7A62B88AAC92}"
EndProject
Project("{FAE04EC0-301F-11D3-BF4B-00C04F79EFBC}") = "Question14", "..\Day 15\Problems\Question14\Question14.csproj", "{112EFE52-8218-4256-BCA3-97693B1AB6E9}"
EndProject
Project("{FAE04EC0-301F-11D3-BF4B-00C04F79EFBC}") = "Question15", "..\Day 15\Problems\Question15\Question15.csproj", "{EC49CB3F-D462-4BF4-8D68-68D2B6BAC872}"
EndProject
Project("{FAE04EC0-301F-11D3-BF4B-00C04F79EFBC}") = "Question16", "..\Day 15\Problems\Question16\Question16.csproj", "{7B0E1F50-E3D4-4FB9-BA4F-28FCB7A198AC}"
EndProject
Project("{FAE04EC0-301F-11D3-BF4B-00C04F79EFBC}") = "Question17", "..\Day 15\Problems\Question17\Question17.csproj", "{9508B719-1078-4D6F-8F1A-BCE0CA9502A6}"
EndProject
Project("{FAE04EC0-301F-11D3-BF4B-00C04F79EFBC}") = "Question18", "..\Day 15\Problems\Question18\Question18.csproj", "{B3029B0A-1EF1-4EC2-BE75-82FBDB4656D9}"
EndProject
Project("{FAE04EC0-301F-11D3-BF4B-00C04F79EFBC}") = "Question19", "..\Day 15\Problems\Question19\Question19.csproj", "{A053EE36-67EF-47C9-B21C-13DEA09893AD}"
EndProject
Project("{FAE04EC0-301F-11D3-BF4B-00C04F79EFBC}") = "Question20", "..\Day 15\Problems\Question20\Question20.csproj", "{BED69378-8F7D-4346-B058-73CE534A0070}"
EndProject
Project("{FAE04EC0-301F-11D3-BF4B-00C04F79EFBC}") = "JoinExample", "..\Day 15\Problems\JoinExample\JoinExample.csproj", "{45DF05D8-1A86-40F0-828D-603BAEB98E15}"
EndProject
Project("{FAE04EC0-301F-11D3-BF4B-00C04F79EFBC}") = "ExtensionMethods", "..\Day 15\Problems\ExtensionMethods\ExtensionMethods.csproj", "{3CEE119A-7944-44F0-89CE-1CA947CD74EF}"
EndProject
Project("{FAE04EC0-301F-11D3-BF4B-00C04F79EFBC}") = "AssignmentHealthCare", "..\Day 15\Assignment\AssignmentHealthCare\AssignmentHealthCare.csproj", "{568786BF-4F61-4951-A085-111FE4B44632}"
EndProject
Project("{2150E333-8FDC-42A3-9474-1A3956D46DE8}") = "Day 16", "Day 16", "{D5321F80-DF5B-43DA-AEBA-E04FB5117422}"
EndProject
Project("{FAE04EC0-301F-11D3-BF4B-00C04F79EFBC}") = "Function", "..\Day 16\Problem\Function\Function.csproj", "{060A6937-BFE5-469E-ABFE-1672203D7CE6}"
EndProject
Project("{FAE04EC0-301F-11D3-BF4B-00C04F79EFBC}") = "BookManagement", "..\Day 16\Problem\BookManagement\BookManagement.csproj", "{7B416FA7-ADC1-4AF2-AEE2-87BE488079DC}"
EndProject
Project("{FAE04EC0-301F-11D3-BF4B-00C04F79EFBC}") = "GenericType", "..\Day 16\Problem\GenericType\GenericType.csproj", "{C664B7D5-FB71-4E8E-A1E3-4DDBA1F45EC7}"
EndProject
Project("{FAE04EC0-301F-11D3-BF4B-00C04F79EFBC}") = "Question1", "..\Day 16\Problem\Question1\Question1.csproj", "{DD041471-763B-4040-9E78-F3B24A9E3420}"
EndProject
Project("{FAE04EC0-301F-11D3-BF4B-00C04F79EFBC}") = "ConnectionString", "..\Day 16\Problem\ChatApp\ConnectionString\ConnectionString.csproj", "{097E18B0-0434-4161-833D-2B63C2014AFE}"
EndProject
Project("{FAE04EC0-301F-11D3-BF4B-00C04F79EFBC}") = "Books", "..\Day 16\Problem\Books\Books.csproj", "{FFD7EEAA-EC1E-44D6-A651-A777679CEC8C}"
EndProject
Project("{FAE04EC0-301F-11D3-BF4B-00C04F79EFBC}") = "ContactsManagementApp", "..\Day 16\Problem\ContactsManagementApp\ContactsManagementApp.csproj", "{52CF294A-2AE6-4B03-8BD8-98474D8769DB}"
EndProject
Project("{2150E333-8FDC-42A3-9474-1A3956D46DE8}") = "Day 17", "Day 17", "{0AE8F243-0370-4E83-9625-E893001A551F}"
EndProject
Project("{FAE04EC0-301F-11D3-BF4B-00C04F79EFBC}") = "Apputilities", "..\Day 17\Problems\Apputilities\Apputilities.csproj", "{6F35172D-3E7E-4DA6-AF18-24A90AF48D7F}"
EndProject
Project("{FAE04EC0-301F-11D3-BF4B-00C04F79EFBC}") = "CalculatorReference", "..\Day 17\Problems\CalculatorReference\CalculatorReference.csproj", "{0A0B263C-F398-4761-AEDE-92E2BCBF2A6E}"
EndProject
Project("{FAE04EC0-301F-11D3-BF4B-00C04F79EFBC}") = "HealthCare", "..\Day 17\Problems\HealthCare\HealthCare.csproj", "{700AA442-6820-4B56-981F-AFE56B6D5098}"
EndProject
Project("{FAE04EC0-301F-11D3-BF4B-00C04F79EFBC}") = "Ref&Out", "..\Day 17\Problems\Ref&Out\Ref&Out.csproj", "{FE224C2E-15AF-454B-9580-8A979A2EFCAB}"
EndProject
Project("{FAE04EC0-301F-11D3-BF4B-00C04F79EFBC}") = "ExceptionHandling", "..\Day 17\Problems\ExceptionHandling\ExceptionHandling.csproj", "{3BBD6F18-E0AE-495D-AC56-41B4E9BD0081}"
EndProject
Project("{FAE04EC0-301F-11D3-BF4B-00C04F79EFBC}") = "Indexers", "..\Day 17\Problems\Indexers\Indexers.csproj", "{3ACC93D3-C82E-4E73-8ECA-179FCBD74CDF}"
EndProject
Project("{2150E333-8FDC-42A3-9474-1A3956D46DE8}") = "Day 18", "Day 18", "{B51CC312-3CBD-4EC7-B04B-EB1E5A7F5FBC}"
EndProject
Project("{FAE04EC0-301F-11D3-BF4B-00C04F79EFBC}") = "Assesment2", "..\Assesments\Assesmwnt2\Assesment2\Assesment2.csproj", "{8F1A44A7-565C-4F22-ADA3-2E1FE731085A}"
EndProject
Project("{2150E333-8FDC-42A3-9474-1A3956D46DE8}") = "Day 19", "Day 19", "{8E4EE16D-717D-417B-AADA-1B85832CECFE}"
EndProject
Project("{FAE04EC0-301F-11D3-BF4B-00C04F79EFBC}") = "TwodimensionalArray", "..\Day 19\Problems\TwodimensionalArray\TwodimensionalArray.csproj", "{A5685992-E383-4917-B9E0-2BEE5AB729AE}"
EndProject
Project("{2150E333-8FDC-42A3-9474-1A3956D46DE8}") = "Day 20", "Day 20", "{64A9BF55-F828-4B54-9043-BD727D7D76F3}"
EndProject
Project("{FAE04EC0-301F-11D3-BF4B-00C04F79EFBC}") = "Debug", "..\Day 20\Problems\Debug\Debug.csproj", "{CE382533-A006-4C11-ACF7-16EDF1A643C5}"
EndProject
Project("{FAE04EC0-301F-11D3-BF4B-00C04F79EFBC}") = "RockPaperScissor", "..\Day 20\Problems\RockPaperScissor\RockPaperScissor.csproj", "{9B9FFA3E-EE97-454E-8C2B-09B3650B35C9}"
EndProject
Project("{FAE04EC0-301F-11D3-BF4B-00C04F79EFBC}") = "CricketGame", "..\Day 20\Problems\CricketGame\CricketGame.csproj", "{92768022-3C5F-4DE1-A7E6-01B435FA0750}"
EndProject
Project("{FAE04EC0-301F-11D3-BF4B-00C04F79EFBC}") = "MineSweeper", "..\Day 20\Problems\MineSweeper\MineSweeper.csproj", "{C67F5B2F-CFB6-406B-A1A0-E75C188F9598}"
EndProject
Project("{FAE04EC0-301F-11D3-BF4B-00C04F79EFBC}") = "Threading", "..\Day 20\Problems\Threading\Threading.csproj", "{D27F50AE-1999-4B34-9D34-2DB240ED0113}"
EndProject
Global
	GlobalSection(SolutionConfigurationPlatforms) = preSolution
		Debug|Any CPU = Debug|Any CPU
		Release|Any CPU = Release|Any CPU
	EndGlobalSection
	GlobalSection(ProjectConfigurationPlatforms) = postSolution
		{8878F592-C059-477B-9FDE-06C645B55DCC}.Debug|Any CPU.ActiveCfg = Debug|Any CPU
		{8878F592-C059-477B-9FDE-06C645B55DCC}.Debug|Any CPU.Build.0 = Debug|Any CPU
		{8878F592-C059-477B-9FDE-06C645B55DCC}.Release|Any CPU.ActiveCfg = Release|Any CPU
		{8878F592-C059-477B-9FDE-06C645B55DCC}.Release|Any CPU.Build.0 = Release|Any CPU
		{EDBDE8CE-A06B-40A5-A9E8-2D01BC874446}.Debug|Any CPU.ActiveCfg = Debug|Any CPU
		{EDBDE8CE-A06B-40A5-A9E8-2D01BC874446}.Debug|Any CPU.Build.0 = Debug|Any CPU
		{EDBDE8CE-A06B-40A5-A9E8-2D01BC874446}.Release|Any CPU.ActiveCfg = Release|Any CPU
		{EDBDE8CE-A06B-40A5-A9E8-2D01BC874446}.Release|Any CPU.Build.0 = Release|Any CPU
		{8F9A0D81-BF07-4FF5-97F0-25F7E6A85844}.Debug|Any CPU.ActiveCfg = Debug|Any CPU
		{8F9A0D81-BF07-4FF5-97F0-25F7E6A85844}.Debug|Any CPU.Build.0 = Debug|Any CPU
		{8F9A0D81-BF07-4FF5-97F0-25F7E6A85844}.Release|Any CPU.ActiveCfg = Release|Any CPU
		{8F9A0D81-BF07-4FF5-97F0-25F7E6A85844}.Release|Any CPU.Build.0 = Release|Any CPU
		{7EF8EE23-7FA5-411D-B591-8B0FCD576DA2}.Debug|Any CPU.ActiveCfg = Debug|Any CPU
		{7EF8EE23-7FA5-411D-B591-8B0FCD576DA2}.Debug|Any CPU.Build.0 = Debug|Any CPU
		{7EF8EE23-7FA5-411D-B591-8B0FCD576DA2}.Release|Any CPU.ActiveCfg = Release|Any CPU
		{7EF8EE23-7FA5-411D-B591-8B0FCD576DA2}.Release|Any CPU.Build.0 = Release|Any CPU
		{5A7B4183-FD46-4425-90EC-BF31A9424755}.Debug|Any CPU.ActiveCfg = Debug|Any CPU
		{5A7B4183-FD46-4425-90EC-BF31A9424755}.Debug|Any CPU.Build.0 = Debug|Any CPU
		{5A7B4183-FD46-4425-90EC-BF31A9424755}.Release|Any CPU.ActiveCfg = Release|Any CPU
		{5A7B4183-FD46-4425-90EC-BF31A9424755}.Release|Any CPU.Build.0 = Release|Any CPU
		{F9B00448-D2E1-4CAD-8495-8E656C115AC6}.Debug|Any CPU.ActiveCfg = Debug|Any CPU
		{F9B00448-D2E1-4CAD-8495-8E656C115AC6}.Debug|Any CPU.Build.0 = Debug|Any CPU
		{F9B00448-D2E1-4CAD-8495-8E656C115AC6}.Release|Any CPU.ActiveCfg = Release|Any CPU
		{F9B00448-D2E1-4CAD-8495-8E656C115AC6}.Release|Any CPU.Build.0 = Release|Any CPU
		{4096B77E-AD21-418D-A78F-2BEAEB33EE51}.Debug|Any CPU.ActiveCfg = Debug|Any CPU
		{4096B77E-AD21-418D-A78F-2BEAEB33EE51}.Debug|Any CPU.Build.0 = Debug|Any CPU
		{4096B77E-AD21-418D-A78F-2BEAEB33EE51}.Release|Any CPU.ActiveCfg = Release|Any CPU
		{4096B77E-AD21-418D-A78F-2BEAEB33EE51}.Release|Any CPU.Build.0 = Release|Any CPU
		{05CFF29B-15D3-4E45-8981-E402DE762396}.Debug|Any CPU.ActiveCfg = Debug|Any CPU
		{05CFF29B-15D3-4E45-8981-E402DE762396}.Debug|Any CPU.Build.0 = Debug|Any CPU
		{05CFF29B-15D3-4E45-8981-E402DE762396}.Release|Any CPU.ActiveCfg = Release|Any CPU
		{05CFF29B-15D3-4E45-8981-E402DE762396}.Release|Any CPU.Build.0 = Release|Any CPU
		{BABE1031-3D78-4B01-AD14-2A57D4AF2E95}.Debug|Any CPU.ActiveCfg = Debug|Any CPU
		{BABE1031-3D78-4B01-AD14-2A57D4AF2E95}.Debug|Any CPU.Build.0 = Debug|Any CPU
		{BABE1031-3D78-4B01-AD14-2A57D4AF2E95}.Release|Any CPU.ActiveCfg = Release|Any CPU
		{BABE1031-3D78-4B01-AD14-2A57D4AF2E95}.Release|Any CPU.Build.0 = Release|Any CPU
		{8987FC68-08CE-4BF0-8B47-CFB7EF3C6046}.Debug|Any CPU.ActiveCfg = Debug|Any CPU
		{8987FC68-08CE-4BF0-8B47-CFB7EF3C6046}.Debug|Any CPU.Build.0 = Debug|Any CPU
		{8987FC68-08CE-4BF0-8B47-CFB7EF3C6046}.Release|Any CPU.ActiveCfg = Release|Any CPU
		{8987FC68-08CE-4BF0-8B47-CFB7EF3C6046}.Release|Any CPU.Build.0 = Release|Any CPU
		{6CB80C7D-6774-4B57-93DD-33AA8D78C9D4}.Debug|Any CPU.ActiveCfg = Debug|Any CPU
		{6CB80C7D-6774-4B57-93DD-33AA8D78C9D4}.Debug|Any CPU.Build.0 = Debug|Any CPU
		{6CB80C7D-6774-4B57-93DD-33AA8D78C9D4}.Release|Any CPU.ActiveCfg = Release|Any CPU
		{6CB80C7D-6774-4B57-93DD-33AA8D78C9D4}.Release|Any CPU.Build.0 = Release|Any CPU
		{068C8DCA-9369-40CF-9549-A1A93DBBAEDD}.Debug|Any CPU.ActiveCfg = Debug|Any CPU
		{068C8DCA-9369-40CF-9549-A1A93DBBAEDD}.Debug|Any CPU.Build.0 = Debug|Any CPU
		{068C8DCA-9369-40CF-9549-A1A93DBBAEDD}.Release|Any CPU.ActiveCfg = Release|Any CPU
		{068C8DCA-9369-40CF-9549-A1A93DBBAEDD}.Release|Any CPU.Build.0 = Release|Any CPU
		{2105457D-5DB4-425C-B38F-D3EB1220E3FE}.Debug|Any CPU.ActiveCfg = Debug|Any CPU
		{2105457D-5DB4-425C-B38F-D3EB1220E3FE}.Debug|Any CPU.Build.0 = Debug|Any CPU
		{2105457D-5DB4-425C-B38F-D3EB1220E3FE}.Release|Any CPU.ActiveCfg = Release|Any CPU
		{2105457D-5DB4-425C-B38F-D3EB1220E3FE}.Release|Any CPU.Build.0 = Release|Any CPU
		{7B6E9AEB-99E0-4950-97EB-7E457798775A}.Debug|Any CPU.ActiveCfg = Debug|Any CPU
		{7B6E9AEB-99E0-4950-97EB-7E457798775A}.Debug|Any CPU.Build.0 = Debug|Any CPU
		{7B6E9AEB-99E0-4950-97EB-7E457798775A}.Release|Any CPU.ActiveCfg = Release|Any CPU
		{7B6E9AEB-99E0-4950-97EB-7E457798775A}.Release|Any CPU.Build.0 = Release|Any CPU
		{CF3A9E1E-5883-4601-8C3F-09B4159799E4}.Debug|Any CPU.ActiveCfg = Debug|Any CPU
		{CF3A9E1E-5883-4601-8C3F-09B4159799E4}.Debug|Any CPU.Build.0 = Debug|Any CPU
		{CF3A9E1E-5883-4601-8C3F-09B4159799E4}.Release|Any CPU.ActiveCfg = Release|Any CPU
		{CF3A9E1E-5883-4601-8C3F-09B4159799E4}.Release|Any CPU.Build.0 = Release|Any CPU
		{ECF8B073-AEB3-4D5C-B2BA-9EAAE7CD5FD2}.Debug|Any CPU.ActiveCfg = Debug|Any CPU
		{ECF8B073-AEB3-4D5C-B2BA-9EAAE7CD5FD2}.Debug|Any CPU.Build.0 = Debug|Any CPU
		{ECF8B073-AEB3-4D5C-B2BA-9EAAE7CD5FD2}.Release|Any CPU.ActiveCfg = Release|Any CPU
		{ECF8B073-AEB3-4D5C-B2BA-9EAAE7CD5FD2}.Release|Any CPU.Build.0 = Release|Any CPU
		{D4CBD018-10EA-41C8-BE07-8EA70A341450}.Debug|Any CPU.ActiveCfg = Debug|Any CPU
		{D4CBD018-10EA-41C8-BE07-8EA70A341450}.Debug|Any CPU.Build.0 = Debug|Any CPU
		{D4CBD018-10EA-41C8-BE07-8EA70A341450}.Release|Any CPU.ActiveCfg = Release|Any CPU
		{D4CBD018-10EA-41C8-BE07-8EA70A341450}.Release|Any CPU.Build.0 = Release|Any CPU
		{C6104513-3875-41D3-97CB-80B2D5657E4E}.Debug|Any CPU.ActiveCfg = Debug|Any CPU
		{C6104513-3875-41D3-97CB-80B2D5657E4E}.Debug|Any CPU.Build.0 = Debug|Any CPU
		{C6104513-3875-41D3-97CB-80B2D5657E4E}.Release|Any CPU.ActiveCfg = Release|Any CPU
		{C6104513-3875-41D3-97CB-80B2D5657E4E}.Release|Any CPU.Build.0 = Release|Any CPU
		{40D57537-CCBB-4F62-9B1F-CF12DE7FD59A}.Debug|Any CPU.ActiveCfg = Debug|Any CPU
		{40D57537-CCBB-4F62-9B1F-CF12DE7FD59A}.Debug|Any CPU.Build.0 = Debug|Any CPU
		{40D57537-CCBB-4F62-9B1F-CF12DE7FD59A}.Release|Any CPU.ActiveCfg = Release|Any CPU
		{40D57537-CCBB-4F62-9B1F-CF12DE7FD59A}.Release|Any CPU.Build.0 = Release|Any CPU
		{CCBFCD21-416F-40C4-8CC8-20402B98E729}.Debug|Any CPU.ActiveCfg = Debug|Any CPU
		{CCBFCD21-416F-40C4-8CC8-20402B98E729}.Debug|Any CPU.Build.0 = Debug|Any CPU
		{CCBFCD21-416F-40C4-8CC8-20402B98E729}.Release|Any CPU.ActiveCfg = Release|Any CPU
		{CCBFCD21-416F-40C4-8CC8-20402B98E729}.Release|Any CPU.Build.0 = Release|Any CPU
		{492CF702-B5ED-41A1-B6A4-24B60E4C4979}.Debug|Any CPU.ActiveCfg = Debug|Any CPU
		{492CF702-B5ED-41A1-B6A4-24B60E4C4979}.Debug|Any CPU.Build.0 = Debug|Any CPU
		{492CF702-B5ED-41A1-B6A4-24B60E4C4979}.Release|Any CPU.ActiveCfg = Release|Any CPU
		{492CF702-B5ED-41A1-B6A4-24B60E4C4979}.Release|Any CPU.Build.0 = Release|Any CPU
		{5A5E647E-C509-4A2C-8FF3-2F7A677B5D85}.Debug|Any CPU.ActiveCfg = Debug|Any CPU
		{5A5E647E-C509-4A2C-8FF3-2F7A677B5D85}.Debug|Any CPU.Build.0 = Debug|Any CPU
		{5A5E647E-C509-4A2C-8FF3-2F7A677B5D85}.Release|Any CPU.ActiveCfg = Release|Any CPU
		{5A5E647E-C509-4A2C-8FF3-2F7A677B5D85}.Release|Any CPU.Build.0 = Release|Any CPU
		{50925B0B-CDC0-4791-8260-211C92610352}.Debug|Any CPU.ActiveCfg = Debug|Any CPU
		{50925B0B-CDC0-4791-8260-211C92610352}.Debug|Any CPU.Build.0 = Debug|Any CPU
		{50925B0B-CDC0-4791-8260-211C92610352}.Release|Any CPU.ActiveCfg = Release|Any CPU
		{50925B0B-CDC0-4791-8260-211C92610352}.Release|Any CPU.Build.0 = Release|Any CPU
		{3DBE5462-6D92-4806-872E-080AA5D635D3}.Debug|Any CPU.ActiveCfg = Debug|Any CPU
		{3DBE5462-6D92-4806-872E-080AA5D635D3}.Debug|Any CPU.Build.0 = Debug|Any CPU
		{3DBE5462-6D92-4806-872E-080AA5D635D3}.Release|Any CPU.ActiveCfg = Release|Any CPU
		{3DBE5462-6D92-4806-872E-080AA5D635D3}.Release|Any CPU.Build.0 = Release|Any CPU
		{8D7801E4-740C-44DE-880B-24BD844ACC49}.Debug|Any CPU.ActiveCfg = Debug|Any CPU
		{8D7801E4-740C-44DE-880B-24BD844ACC49}.Debug|Any CPU.Build.0 = Debug|Any CPU
		{8D7801E4-740C-44DE-880B-24BD844ACC49}.Release|Any CPU.ActiveCfg = Release|Any CPU
		{8D7801E4-740C-44DE-880B-24BD844ACC49}.Release|Any CPU.Build.0 = Release|Any CPU
		{BE8D90E6-7FD9-421A-B96B-A774BC8D3106}.Debug|Any CPU.ActiveCfg = Debug|Any CPU
		{BE8D90E6-7FD9-421A-B96B-A774BC8D3106}.Debug|Any CPU.Build.0 = Debug|Any CPU
		{BE8D90E6-7FD9-421A-B96B-A774BC8D3106}.Release|Any CPU.ActiveCfg = Release|Any CPU
		{BE8D90E6-7FD9-421A-B96B-A774BC8D3106}.Release|Any CPU.Build.0 = Release|Any CPU
		{5FE3EEDA-FE4B-491C-AFC6-34EFA8CD856C}.Debug|Any CPU.ActiveCfg = Debug|Any CPU
		{5FE3EEDA-FE4B-491C-AFC6-34EFA8CD856C}.Debug|Any CPU.Build.0 = Debug|Any CPU
		{5FE3EEDA-FE4B-491C-AFC6-34EFA8CD856C}.Release|Any CPU.ActiveCfg = Release|Any CPU
		{5FE3EEDA-FE4B-491C-AFC6-34EFA8CD856C}.Release|Any CPU.Build.0 = Release|Any CPU
		{CAE02A74-7FEE-4A90-8BA5-69F8B0A1905F}.Debug|Any CPU.ActiveCfg = Debug|Any CPU
		{CAE02A74-7FEE-4A90-8BA5-69F8B0A1905F}.Debug|Any CPU.Build.0 = Debug|Any CPU
		{CAE02A74-7FEE-4A90-8BA5-69F8B0A1905F}.Release|Any CPU.ActiveCfg = Release|Any CPU
		{CAE02A74-7FEE-4A90-8BA5-69F8B0A1905F}.Release|Any CPU.Build.0 = Release|Any CPU
		{191F04BC-0D65-4022-A309-AD58D3F64B49}.Debug|Any CPU.ActiveCfg = Debug|Any CPU
		{191F04BC-0D65-4022-A309-AD58D3F64B49}.Debug|Any CPU.Build.0 = Debug|Any CPU
		{191F04BC-0D65-4022-A309-AD58D3F64B49}.Release|Any CPU.ActiveCfg = Release|Any CPU
		{191F04BC-0D65-4022-A309-AD58D3F64B49}.Release|Any CPU.Build.0 = Release|Any CPU
		{AF7522E4-30D0-4C14-9E28-552B3B19BD60}.Debug|Any CPU.ActiveCfg = Debug|Any CPU
		{AF7522E4-30D0-4C14-9E28-552B3B19BD60}.Debug|Any CPU.Build.0 = Debug|Any CPU
		{AF7522E4-30D0-4C14-9E28-552B3B19BD60}.Release|Any CPU.ActiveCfg = Release|Any CPU
		{AF7522E4-30D0-4C14-9E28-552B3B19BD60}.Release|Any CPU.Build.0 = Release|Any CPU
		{FBAF99D5-84A4-45AE-9195-BC15BB964418}.Debug|Any CPU.ActiveCfg = Debug|Any CPU
		{FBAF99D5-84A4-45AE-9195-BC15BB964418}.Debug|Any CPU.Build.0 = Debug|Any CPU
		{FBAF99D5-84A4-45AE-9195-BC15BB964418}.Release|Any CPU.ActiveCfg = Release|Any CPU
		{FBAF99D5-84A4-45AE-9195-BC15BB964418}.Release|Any CPU.Build.0 = Release|Any CPU
		{4257F5D3-EDAF-4D2A-821C-9D4AB3816215}.Debug|Any CPU.ActiveCfg = Debug|Any CPU
		{4257F5D3-EDAF-4D2A-821C-9D4AB3816215}.Debug|Any CPU.Build.0 = Debug|Any CPU
		{4257F5D3-EDAF-4D2A-821C-9D4AB3816215}.Release|Any CPU.ActiveCfg = Release|Any CPU
		{4257F5D3-EDAF-4D2A-821C-9D4AB3816215}.Release|Any CPU.Build.0 = Release|Any CPU
		{62739657-8B0A-4D21-82DC-5C17168BB2E4}.Debug|Any CPU.ActiveCfg = Debug|Any CPU
		{62739657-8B0A-4D21-82DC-5C17168BB2E4}.Debug|Any CPU.Build.0 = Debug|Any CPU
		{62739657-8B0A-4D21-82DC-5C17168BB2E4}.Release|Any CPU.ActiveCfg = Release|Any CPU
		{62739657-8B0A-4D21-82DC-5C17168BB2E4}.Release|Any CPU.Build.0 = Release|Any CPU
		{FA2B5E49-1F54-4CFC-863E-03B22D111998}.Debug|Any CPU.ActiveCfg = Debug|Any CPU
		{FA2B5E49-1F54-4CFC-863E-03B22D111998}.Debug|Any CPU.Build.0 = Debug|Any CPU
		{FA2B5E49-1F54-4CFC-863E-03B22D111998}.Release|Any CPU.ActiveCfg = Release|Any CPU
		{FA2B5E49-1F54-4CFC-863E-03B22D111998}.Release|Any CPU.Build.0 = Release|Any CPU
		{2B1FD7B2-C7A5-4FE3-AB4D-F41AE331C94D}.Debug|Any CPU.ActiveCfg = Debug|Any CPU
		{2B1FD7B2-C7A5-4FE3-AB4D-F41AE331C94D}.Debug|Any CPU.Build.0 = Debug|Any CPU
		{2B1FD7B2-C7A5-4FE3-AB4D-F41AE331C94D}.Release|Any CPU.ActiveCfg = Release|Any CPU
		{2B1FD7B2-C7A5-4FE3-AB4D-F41AE331C94D}.Release|Any CPU.Build.0 = Release|Any CPU
		{62FFAA37-CE58-4CA1-A13A-4AF77ED771EE}.Debug|Any CPU.ActiveCfg = Debug|Any CPU
		{62FFAA37-CE58-4CA1-A13A-4AF77ED771EE}.Debug|Any CPU.Build.0 = Debug|Any CPU
		{62FFAA37-CE58-4CA1-A13A-4AF77ED771EE}.Release|Any CPU.ActiveCfg = Release|Any CPU
		{62FFAA37-CE58-4CA1-A13A-4AF77ED771EE}.Release|Any CPU.Build.0 = Release|Any CPU
		{3D521E98-CCD7-4AC8-9522-22FD92C13CE6}.Debug|Any CPU.ActiveCfg = Debug|Any CPU
		{3D521E98-CCD7-4AC8-9522-22FD92C13CE6}.Debug|Any CPU.Build.0 = Debug|Any CPU
		{3D521E98-CCD7-4AC8-9522-22FD92C13CE6}.Release|Any CPU.ActiveCfg = Release|Any CPU
		{3D521E98-CCD7-4AC8-9522-22FD92C13CE6}.Release|Any CPU.Build.0 = Release|Any CPU
		{184289DF-28EA-4E2F-BB82-B3C8C0C98FCF}.Debug|Any CPU.ActiveCfg = Debug|Any CPU
		{184289DF-28EA-4E2F-BB82-B3C8C0C98FCF}.Debug|Any CPU.Build.0 = Debug|Any CPU
		{184289DF-28EA-4E2F-BB82-B3C8C0C98FCF}.Release|Any CPU.ActiveCfg = Release|Any CPU
		{184289DF-28EA-4E2F-BB82-B3C8C0C98FCF}.Release|Any CPU.Build.0 = Release|Any CPU
		{04F3CA65-C549-4379-A3DA-786B5830DCE9}.Debug|Any CPU.ActiveCfg = Debug|Any CPU
		{04F3CA65-C549-4379-A3DA-786B5830DCE9}.Debug|Any CPU.Build.0 = Debug|Any CPU
		{04F3CA65-C549-4379-A3DA-786B5830DCE9}.Release|Any CPU.ActiveCfg = Release|Any CPU
		{04F3CA65-C549-4379-A3DA-786B5830DCE9}.Release|Any CPU.Build.0 = Release|Any CPU
		{CE4E2280-DD24-44F0-9BE0-F1875146342B}.Debug|Any CPU.ActiveCfg = Debug|Any CPU
		{CE4E2280-DD24-44F0-9BE0-F1875146342B}.Debug|Any CPU.Build.0 = Debug|Any CPU
		{CE4E2280-DD24-44F0-9BE0-F1875146342B}.Release|Any CPU.ActiveCfg = Release|Any CPU
		{CE4E2280-DD24-44F0-9BE0-F1875146342B}.Release|Any CPU.Build.0 = Release|Any CPU
		{2504BBA5-9B0E-42AD-8AE7-D68C37258262}.Debug|Any CPU.ActiveCfg = Debug|Any CPU
		{2504BBA5-9B0E-42AD-8AE7-D68C37258262}.Debug|Any CPU.Build.0 = Debug|Any CPU
		{2504BBA5-9B0E-42AD-8AE7-D68C37258262}.Release|Any CPU.ActiveCfg = Release|Any CPU
		{2504BBA5-9B0E-42AD-8AE7-D68C37258262}.Release|Any CPU.Build.0 = Release|Any CPU
		{7F5975EA-F81E-48CE-9508-14D5E8E3DD8D}.Debug|Any CPU.ActiveCfg = Debug|Any CPU
		{7F5975EA-F81E-48CE-9508-14D5E8E3DD8D}.Debug|Any CPU.Build.0 = Debug|Any CPU
		{7F5975EA-F81E-48CE-9508-14D5E8E3DD8D}.Release|Any CPU.ActiveCfg = Release|Any CPU
		{7F5975EA-F81E-48CE-9508-14D5E8E3DD8D}.Release|Any CPU.Build.0 = Release|Any CPU
		{AB7DDD32-F0F2-430E-9BDB-1F0AA4D32E22}.Debug|Any CPU.ActiveCfg = Debug|Any CPU
		{AB7DDD32-F0F2-430E-9BDB-1F0AA4D32E22}.Debug|Any CPU.Build.0 = Debug|Any CPU
		{AB7DDD32-F0F2-430E-9BDB-1F0AA4D32E22}.Release|Any CPU.ActiveCfg = Release|Any CPU
		{AB7DDD32-F0F2-430E-9BDB-1F0AA4D32E22}.Release|Any CPU.Build.0 = Release|Any CPU
		{4D39858B-3458-4C2A-8C25-7CB78ABAE9DD}.Debug|Any CPU.ActiveCfg = Debug|Any CPU
		{4D39858B-3458-4C2A-8C25-7CB78ABAE9DD}.Debug|Any CPU.Build.0 = Debug|Any CPU
		{4D39858B-3458-4C2A-8C25-7CB78ABAE9DD}.Release|Any CPU.ActiveCfg = Release|Any CPU
		{4D39858B-3458-4C2A-8C25-7CB78ABAE9DD}.Release|Any CPU.Build.0 = Release|Any CPU
		{E4CA0D31-64C2-4210-836C-CB7573645090}.Debug|Any CPU.ActiveCfg = Debug|Any CPU
		{E4CA0D31-64C2-4210-836C-CB7573645090}.Debug|Any CPU.Build.0 = Debug|Any CPU
		{E4CA0D31-64C2-4210-836C-CB7573645090}.Release|Any CPU.ActiveCfg = Release|Any CPU
		{E4CA0D31-64C2-4210-836C-CB7573645090}.Release|Any CPU.Build.0 = Release|Any CPU
		{407DD05C-F252-4584-A17D-E770F5493BF1}.Debug|Any CPU.ActiveCfg = Debug|Any CPU
		{407DD05C-F252-4584-A17D-E770F5493BF1}.Debug|Any CPU.Build.0 = Debug|Any CPU
		{407DD05C-F252-4584-A17D-E770F5493BF1}.Release|Any CPU.ActiveCfg = Release|Any CPU
		{407DD05C-F252-4584-A17D-E770F5493BF1}.Release|Any CPU.Build.0 = Release|Any CPU
		{08705EBA-C777-4964-AD86-6D183B8A6007}.Debug|Any CPU.ActiveCfg = Debug|Any CPU
		{08705EBA-C777-4964-AD86-6D183B8A6007}.Debug|Any CPU.Build.0 = Debug|Any CPU
		{08705EBA-C777-4964-AD86-6D183B8A6007}.Release|Any CPU.ActiveCfg = Release|Any CPU
		{08705EBA-C777-4964-AD86-6D183B8A6007}.Release|Any CPU.Build.0 = Release|Any CPU
		{79D045DE-E50C-4957-ABB3-DF783373ACCB}.Debug|Any CPU.ActiveCfg = Debug|Any CPU
		{79D045DE-E50C-4957-ABB3-DF783373ACCB}.Debug|Any CPU.Build.0 = Debug|Any CPU
		{79D045DE-E50C-4957-ABB3-DF783373ACCB}.Release|Any CPU.ActiveCfg = Release|Any CPU
		{79D045DE-E50C-4957-ABB3-DF783373ACCB}.Release|Any CPU.Build.0 = Release|Any CPU
		{E1DA62B1-C833-4DA1-8D37-A2E44B5DD20F}.Debug|Any CPU.ActiveCfg = Debug|Any CPU
		{E1DA62B1-C833-4DA1-8D37-A2E44B5DD20F}.Debug|Any CPU.Build.0 = Debug|Any CPU
		{E1DA62B1-C833-4DA1-8D37-A2E44B5DD20F}.Release|Any CPU.ActiveCfg = Release|Any CPU
		{E1DA62B1-C833-4DA1-8D37-A2E44B5DD20F}.Release|Any CPU.Build.0 = Release|Any CPU
		{F1A3E7C6-FD65-423E-8B90-561B313A4219}.Debug|Any CPU.ActiveCfg = Debug|Any CPU
		{F1A3E7C6-FD65-423E-8B90-561B313A4219}.Debug|Any CPU.Build.0 = Debug|Any CPU
		{F1A3E7C6-FD65-423E-8B90-561B313A4219}.Release|Any CPU.ActiveCfg = Release|Any CPU
		{F1A3E7C6-FD65-423E-8B90-561B313A4219}.Release|Any CPU.Build.0 = Release|Any CPU
		{C0A1B08E-3A40-42FB-AC88-0CF57333CC6D}.Debug|Any CPU.ActiveCfg = Debug|Any CPU
		{C0A1B08E-3A40-42FB-AC88-0CF57333CC6D}.Debug|Any CPU.Build.0 = Debug|Any CPU
		{C0A1B08E-3A40-42FB-AC88-0CF57333CC6D}.Release|Any CPU.ActiveCfg = Release|Any CPU
		{C0A1B08E-3A40-42FB-AC88-0CF57333CC6D}.Release|Any CPU.Build.0 = Release|Any CPU
		{BFB3E729-94A2-4576-9FB6-495A571D3A91}.Debug|Any CPU.ActiveCfg = Debug|Any CPU
		{BFB3E729-94A2-4576-9FB6-495A571D3A91}.Debug|Any CPU.Build.0 = Debug|Any CPU
		{BFB3E729-94A2-4576-9FB6-495A571D3A91}.Release|Any CPU.ActiveCfg = Release|Any CPU
		{BFB3E729-94A2-4576-9FB6-495A571D3A91}.Release|Any CPU.Build.0 = Release|Any CPU
		{A2607079-FFCB-4005-AFFB-1F9995A9F465}.Debug|Any CPU.ActiveCfg = Debug|Any CPU
		{A2607079-FFCB-4005-AFFB-1F9995A9F465}.Debug|Any CPU.Build.0 = Debug|Any CPU
		{A2607079-FFCB-4005-AFFB-1F9995A9F465}.Release|Any CPU.ActiveCfg = Release|Any CPU
		{A2607079-FFCB-4005-AFFB-1F9995A9F465}.Release|Any CPU.Build.0 = Release|Any CPU
		{B3CC80FF-DBC3-48BA-BC30-4CD7255D03FD}.Debug|Any CPU.ActiveCfg = Debug|Any CPU
		{B3CC80FF-DBC3-48BA-BC30-4CD7255D03FD}.Debug|Any CPU.Build.0 = Debug|Any CPU
		{B3CC80FF-DBC3-48BA-BC30-4CD7255D03FD}.Release|Any CPU.ActiveCfg = Release|Any CPU
		{B3CC80FF-DBC3-48BA-BC30-4CD7255D03FD}.Release|Any CPU.Build.0 = Release|Any CPU
		{230F59FA-E744-4249-B2B2-343FC5F0B18E}.Debug|Any CPU.ActiveCfg = Debug|Any CPU
		{230F59FA-E744-4249-B2B2-343FC5F0B18E}.Debug|Any CPU.Build.0 = Debug|Any CPU
		{230F59FA-E744-4249-B2B2-343FC5F0B18E}.Release|Any CPU.ActiveCfg = Release|Any CPU
		{230F59FA-E744-4249-B2B2-343FC5F0B18E}.Release|Any CPU.Build.0 = Release|Any CPU
		{037B7BC8-040E-48EC-958D-BD0DD808A1CA}.Debug|Any CPU.ActiveCfg = Debug|Any CPU
		{037B7BC8-040E-48EC-958D-BD0DD808A1CA}.Debug|Any CPU.Build.0 = Debug|Any CPU
		{037B7BC8-040E-48EC-958D-BD0DD808A1CA}.Release|Any CPU.ActiveCfg = Release|Any CPU
		{037B7BC8-040E-48EC-958D-BD0DD808A1CA}.Release|Any CPU.Build.0 = Release|Any CPU
		{314751B8-0573-49C4-B5F0-0F73F4A02D45}.Debug|Any CPU.ActiveCfg = Debug|Any CPU
		{314751B8-0573-49C4-B5F0-0F73F4A02D45}.Debug|Any CPU.Build.0 = Debug|Any CPU
		{314751B8-0573-49C4-B5F0-0F73F4A02D45}.Release|Any CPU.ActiveCfg = Release|Any CPU
		{314751B8-0573-49C4-B5F0-0F73F4A02D45}.Release|Any CPU.Build.0 = Release|Any CPU
		{0287E260-A0B9-4F59-BFE5-EB08BFC1B638}.Debug|Any CPU.ActiveCfg = Debug|Any CPU
		{0287E260-A0B9-4F59-BFE5-EB08BFC1B638}.Debug|Any CPU.Build.0 = Debug|Any CPU
		{0287E260-A0B9-4F59-BFE5-EB08BFC1B638}.Release|Any CPU.ActiveCfg = Release|Any CPU
		{0287E260-A0B9-4F59-BFE5-EB08BFC1B638}.Release|Any CPU.Build.0 = Release|Any CPU
		{B03F48BF-E9B4-491E-A37D-37DD17B61255}.Debug|Any CPU.ActiveCfg = Debug|Any CPU
		{B03F48BF-E9B4-491E-A37D-37DD17B61255}.Debug|Any CPU.Build.0 = Debug|Any CPU
		{B03F48BF-E9B4-491E-A37D-37DD17B61255}.Release|Any CPU.ActiveCfg = Release|Any CPU
		{B03F48BF-E9B4-491E-A37D-37DD17B61255}.Release|Any CPU.Build.0 = Release|Any CPU
		{CAC65A07-0C3C-41C7-9DC9-0CAF0135905C}.Debug|Any CPU.ActiveCfg = Debug|Any CPU
		{CAC65A07-0C3C-41C7-9DC9-0CAF0135905C}.Debug|Any CPU.Build.0 = Debug|Any CPU
		{CAC65A07-0C3C-41C7-9DC9-0CAF0135905C}.Release|Any CPU.ActiveCfg = Release|Any CPU
		{CAC65A07-0C3C-41C7-9DC9-0CAF0135905C}.Release|Any CPU.Build.0 = Release|Any CPU
		{A437E5A8-3F20-4C40-BB81-B7B2DFCB6E08}.Debug|Any CPU.ActiveCfg = Debug|Any CPU
		{A437E5A8-3F20-4C40-BB81-B7B2DFCB6E08}.Debug|Any CPU.Build.0 = Debug|Any CPU
		{A437E5A8-3F20-4C40-BB81-B7B2DFCB6E08}.Release|Any CPU.ActiveCfg = Release|Any CPU
		{A437E5A8-3F20-4C40-BB81-B7B2DFCB6E08}.Release|Any CPU.Build.0 = Release|Any CPU
		{210910CC-9658-4229-8790-AB0ED65DB184}.Debug|Any CPU.ActiveCfg = Debug|Any CPU
		{210910CC-9658-4229-8790-AB0ED65DB184}.Debug|Any CPU.Build.0 = Debug|Any CPU
		{210910CC-9658-4229-8790-AB0ED65DB184}.Release|Any CPU.ActiveCfg = Release|Any CPU
		{210910CC-9658-4229-8790-AB0ED65DB184}.Release|Any CPU.Build.0 = Release|Any CPU
		{C40A9640-90AB-4FC5-809C-A88354DCE0DB}.Debug|Any CPU.ActiveCfg = Debug|Any CPU
		{C40A9640-90AB-4FC5-809C-A88354DCE0DB}.Debug|Any CPU.Build.0 = Debug|Any CPU
		{C40A9640-90AB-4FC5-809C-A88354DCE0DB}.Release|Any CPU.ActiveCfg = Release|Any CPU
		{C40A9640-90AB-4FC5-809C-A88354DCE0DB}.Release|Any CPU.Build.0 = Release|Any CPU
		{E09B1B36-6CC9-4B2E-9AED-0E1915AE0A18}.Debug|Any CPU.ActiveCfg = Debug|Any CPU
		{E09B1B36-6CC9-4B2E-9AED-0E1915AE0A18}.Debug|Any CPU.Build.0 = Debug|Any CPU
		{E09B1B36-6CC9-4B2E-9AED-0E1915AE0A18}.Release|Any CPU.ActiveCfg = Release|Any CPU
		{E09B1B36-6CC9-4B2E-9AED-0E1915AE0A18}.Release|Any CPU.Build.0 = Release|Any CPU
		{6C61497D-F412-4749-9840-C89A562EB202}.Debug|Any CPU.ActiveCfg = Debug|Any CPU
		{6C61497D-F412-4749-9840-C89A562EB202}.Debug|Any CPU.Build.0 = Debug|Any CPU
		{6C61497D-F412-4749-9840-C89A562EB202}.Release|Any CPU.ActiveCfg = Release|Any CPU
		{6C61497D-F412-4749-9840-C89A562EB202}.Release|Any CPU.Build.0 = Release|Any CPU
		{330A4A45-8649-40D6-968E-7E01344CAD84}.Debug|Any CPU.ActiveCfg = Debug|Any CPU
		{330A4A45-8649-40D6-968E-7E01344CAD84}.Debug|Any CPU.Build.0 = Debug|Any CPU
		{330A4A45-8649-40D6-968E-7E01344CAD84}.Release|Any CPU.ActiveCfg = Release|Any CPU
		{330A4A45-8649-40D6-968E-7E01344CAD84}.Release|Any CPU.Build.0 = Release|Any CPU
		{8C26C3B3-AB2C-4B6C-8C8B-4B7F150D7617}.Debug|Any CPU.ActiveCfg = Debug|Any CPU
		{8C26C3B3-AB2C-4B6C-8C8B-4B7F150D7617}.Debug|Any CPU.Build.0 = Debug|Any CPU
		{8C26C3B3-AB2C-4B6C-8C8B-4B7F150D7617}.Release|Any CPU.ActiveCfg = Release|Any CPU
		{8C26C3B3-AB2C-4B6C-8C8B-4B7F150D7617}.Release|Any CPU.Build.0 = Release|Any CPU
		{E938229F-11BF-446D-9ABC-23F1E7057ABA}.Debug|Any CPU.ActiveCfg = Debug|Any CPU
		{E938229F-11BF-446D-9ABC-23F1E7057ABA}.Debug|Any CPU.Build.0 = Debug|Any CPU
		{E938229F-11BF-446D-9ABC-23F1E7057ABA}.Release|Any CPU.ActiveCfg = Release|Any CPU
		{E938229F-11BF-446D-9ABC-23F1E7057ABA}.Release|Any CPU.Build.0 = Release|Any CPU
		{1E166197-9BA5-4C2E-8D93-2E9653471BAA}.Debug|Any CPU.ActiveCfg = Debug|Any CPU
		{1E166197-9BA5-4C2E-8D93-2E9653471BAA}.Debug|Any CPU.Build.0 = Debug|Any CPU
		{1E166197-9BA5-4C2E-8D93-2E9653471BAA}.Release|Any CPU.ActiveCfg = Release|Any CPU
		{1E166197-9BA5-4C2E-8D93-2E9653471BAA}.Release|Any CPU.Build.0 = Release|Any CPU
		{B0DC9BF5-F4C8-4696-BEC2-45A4EF5CA58C}.Debug|Any CPU.ActiveCfg = Debug|Any CPU
		{B0DC9BF5-F4C8-4696-BEC2-45A4EF5CA58C}.Debug|Any CPU.Build.0 = Debug|Any CPU
		{B0DC9BF5-F4C8-4696-BEC2-45A4EF5CA58C}.Release|Any CPU.ActiveCfg = Release|Any CPU
		{B0DC9BF5-F4C8-4696-BEC2-45A4EF5CA58C}.Release|Any CPU.Build.0 = Release|Any CPU
		{82A19526-3561-4BCB-9FA2-8062C46D6D86}.Debug|Any CPU.ActiveCfg = Debug|Any CPU
		{82A19526-3561-4BCB-9FA2-8062C46D6D86}.Debug|Any CPU.Build.0 = Debug|Any CPU
		{82A19526-3561-4BCB-9FA2-8062C46D6D86}.Release|Any CPU.ActiveCfg = Release|Any CPU
		{82A19526-3561-4BCB-9FA2-8062C46D6D86}.Release|Any CPU.Build.0 = Release|Any CPU
		{58688FC9-F457-4A64-8A4F-D760B7775749}.Debug|Any CPU.ActiveCfg = Debug|Any CPU
		{58688FC9-F457-4A64-8A4F-D760B7775749}.Debug|Any CPU.Build.0 = Debug|Any CPU
		{58688FC9-F457-4A64-8A4F-D760B7775749}.Release|Any CPU.ActiveCfg = Release|Any CPU
		{58688FC9-F457-4A64-8A4F-D760B7775749}.Release|Any CPU.Build.0 = Release|Any CPU
		{D24ADD55-469C-4C09-8C65-E44642EF8843}.Debug|Any CPU.ActiveCfg = Debug|Any CPU
		{D24ADD55-469C-4C09-8C65-E44642EF8843}.Debug|Any CPU.Build.0 = Debug|Any CPU
		{D24ADD55-469C-4C09-8C65-E44642EF8843}.Release|Any CPU.ActiveCfg = Release|Any CPU
		{D24ADD55-469C-4C09-8C65-E44642EF8843}.Release|Any CPU.Build.0 = Release|Any CPU
		{EC51DB80-69BA-4DC6-AD55-DEEBA2811882}.Debug|Any CPU.ActiveCfg = Debug|Any CPU
		{EC51DB80-69BA-4DC6-AD55-DEEBA2811882}.Debug|Any CPU.Build.0 = Debug|Any CPU
		{EC51DB80-69BA-4DC6-AD55-DEEBA2811882}.Release|Any CPU.ActiveCfg = Release|Any CPU
		{EC51DB80-69BA-4DC6-AD55-DEEBA2811882}.Release|Any CPU.Build.0 = Release|Any CPU
		{A8C6D531-31EF-4E75-B482-FFCF498C9A35}.Debug|Any CPU.ActiveCfg = Debug|Any CPU
		{A8C6D531-31EF-4E75-B482-FFCF498C9A35}.Debug|Any CPU.Build.0 = Debug|Any CPU
		{A8C6D531-31EF-4E75-B482-FFCF498C9A35}.Release|Any CPU.ActiveCfg = Release|Any CPU
		{A8C6D531-31EF-4E75-B482-FFCF498C9A35}.Release|Any CPU.Build.0 = Release|Any CPU
		{537D0CC2-B2E8-4FC6-AF0B-BF2790607EC4}.Debug|Any CPU.ActiveCfg = Debug|Any CPU
		{537D0CC2-B2E8-4FC6-AF0B-BF2790607EC4}.Debug|Any CPU.Build.0 = Debug|Any CPU
		{537D0CC2-B2E8-4FC6-AF0B-BF2790607EC4}.Release|Any CPU.ActiveCfg = Release|Any CPU
		{537D0CC2-B2E8-4FC6-AF0B-BF2790607EC4}.Release|Any CPU.Build.0 = Release|Any CPU
		{36E19950-1AA3-43DD-BB33-87AEFC76E83B}.Debug|Any CPU.ActiveCfg = Debug|Any CPU
		{36E19950-1AA3-43DD-BB33-87AEFC76E83B}.Debug|Any CPU.Build.0 = Debug|Any CPU
		{36E19950-1AA3-43DD-BB33-87AEFC76E83B}.Release|Any CPU.ActiveCfg = Release|Any CPU
		{36E19950-1AA3-43DD-BB33-87AEFC76E83B}.Release|Any CPU.Build.0 = Release|Any CPU
		{FFB9E9D2-7F27-436A-B57B-A6C63F4815F4}.Debug|Any CPU.ActiveCfg = Debug|Any CPU
		{FFB9E9D2-7F27-436A-B57B-A6C63F4815F4}.Debug|Any CPU.Build.0 = Debug|Any CPU
		{FFB9E9D2-7F27-436A-B57B-A6C63F4815F4}.Release|Any CPU.ActiveCfg = Release|Any CPU
		{FFB9E9D2-7F27-436A-B57B-A6C63F4815F4}.Release|Any CPU.Build.0 = Release|Any CPU
		{D5F7BC04-6E36-439B-93BD-7D7E0E5BBD74}.Debug|Any CPU.ActiveCfg = Debug|Any CPU
		{D5F7BC04-6E36-439B-93BD-7D7E0E5BBD74}.Debug|Any CPU.Build.0 = Debug|Any CPU
		{D5F7BC04-6E36-439B-93BD-7D7E0E5BBD74}.Release|Any CPU.ActiveCfg = Release|Any CPU
		{D5F7BC04-6E36-439B-93BD-7D7E0E5BBD74}.Release|Any CPU.Build.0 = Release|Any CPU
		{4BB982F9-E102-4AF2-96B1-03022849D0E4}.Debug|Any CPU.ActiveCfg = Debug|Any CPU
		{4BB982F9-E102-4AF2-96B1-03022849D0E4}.Debug|Any CPU.Build.0 = Debug|Any CPU
		{4BB982F9-E102-4AF2-96B1-03022849D0E4}.Release|Any CPU.ActiveCfg = Release|Any CPU
		{4BB982F9-E102-4AF2-96B1-03022849D0E4}.Release|Any CPU.Build.0 = Release|Any CPU
		{68973811-D74C-4BE1-9CA5-961AF2EFFE8A}.Debug|Any CPU.ActiveCfg = Debug|Any CPU
		{68973811-D74C-4BE1-9CA5-961AF2EFFE8A}.Debug|Any CPU.Build.0 = Debug|Any CPU
		{68973811-D74C-4BE1-9CA5-961AF2EFFE8A}.Release|Any CPU.ActiveCfg = Release|Any CPU
		{68973811-D74C-4BE1-9CA5-961AF2EFFE8A}.Release|Any CPU.Build.0 = Release|Any CPU
		{39F29A05-1641-436F-A924-7A62B88AAC92}.Debug|Any CPU.ActiveCfg = Debug|Any CPU
		{39F29A05-1641-436F-A924-7A62B88AAC92}.Debug|Any CPU.Build.0 = Debug|Any CPU
		{39F29A05-1641-436F-A924-7A62B88AAC92}.Release|Any CPU.ActiveCfg = Release|Any CPU
		{39F29A05-1641-436F-A924-7A62B88AAC92}.Release|Any CPU.Build.0 = Release|Any CPU
		{112EFE52-8218-4256-BCA3-97693B1AB6E9}.Debug|Any CPU.ActiveCfg = Debug|Any CPU
		{112EFE52-8218-4256-BCA3-97693B1AB6E9}.Debug|Any CPU.Build.0 = Debug|Any CPU
		{112EFE52-8218-4256-BCA3-97693B1AB6E9}.Release|Any CPU.ActiveCfg = Release|Any CPU
		{112EFE52-8218-4256-BCA3-97693B1AB6E9}.Release|Any CPU.Build.0 = Release|Any CPU
		{EC49CB3F-D462-4BF4-8D68-68D2B6BAC872}.Debug|Any CPU.ActiveCfg = Debug|Any CPU
		{EC49CB3F-D462-4BF4-8D68-68D2B6BAC872}.Debug|Any CPU.Build.0 = Debug|Any CPU
		{EC49CB3F-D462-4BF4-8D68-68D2B6BAC872}.Release|Any CPU.ActiveCfg = Release|Any CPU
		{EC49CB3F-D462-4BF4-8D68-68D2B6BAC872}.Release|Any CPU.Build.0 = Release|Any CPU
		{7B0E1F50-E3D4-4FB9-BA4F-28FCB7A198AC}.Debug|Any CPU.ActiveCfg = Debug|Any CPU
		{7B0E1F50-E3D4-4FB9-BA4F-28FCB7A198AC}.Debug|Any CPU.Build.0 = Debug|Any CPU
		{7B0E1F50-E3D4-4FB9-BA4F-28FCB7A198AC}.Release|Any CPU.ActiveCfg = Release|Any CPU
		{7B0E1F50-E3D4-4FB9-BA4F-28FCB7A198AC}.Release|Any CPU.Build.0 = Release|Any CPU
		{9508B719-1078-4D6F-8F1A-BCE0CA9502A6}.Debug|Any CPU.ActiveCfg = Debug|Any CPU
		{9508B719-1078-4D6F-8F1A-BCE0CA9502A6}.Debug|Any CPU.Build.0 = Debug|Any CPU
		{9508B719-1078-4D6F-8F1A-BCE0CA9502A6}.Release|Any CPU.ActiveCfg = Release|Any CPU
		{9508B719-1078-4D6F-8F1A-BCE0CA9502A6}.Release|Any CPU.Build.0 = Release|Any CPU
		{B3029B0A-1EF1-4EC2-BE75-82FBDB4656D9}.Debug|Any CPU.ActiveCfg = Debug|Any CPU
		{B3029B0A-1EF1-4EC2-BE75-82FBDB4656D9}.Debug|Any CPU.Build.0 = Debug|Any CPU
		{B3029B0A-1EF1-4EC2-BE75-82FBDB4656D9}.Release|Any CPU.ActiveCfg = Release|Any CPU
		{B3029B0A-1EF1-4EC2-BE75-82FBDB4656D9}.Release|Any CPU.Build.0 = Release|Any CPU
		{A053EE36-67EF-47C9-B21C-13DEA09893AD}.Debug|Any CPU.ActiveCfg = Debug|Any CPU
		{A053EE36-67EF-47C9-B21C-13DEA09893AD}.Debug|Any CPU.Build.0 = Debug|Any CPU
		{A053EE36-67EF-47C9-B21C-13DEA09893AD}.Release|Any CPU.ActiveCfg = Release|Any CPU
		{A053EE36-67EF-47C9-B21C-13DEA09893AD}.Release|Any CPU.Build.0 = Release|Any CPU
		{BED69378-8F7D-4346-B058-73CE534A0070}.Debug|Any CPU.ActiveCfg = Debug|Any CPU
		{BED69378-8F7D-4346-B058-73CE534A0070}.Debug|Any CPU.Build.0 = Debug|Any CPU
		{BED69378-8F7D-4346-B058-73CE534A0070}.Release|Any CPU.ActiveCfg = Release|Any CPU
		{BED69378-8F7D-4346-B058-73CE534A0070}.Release|Any CPU.Build.0 = Release|Any CPU
		{45DF05D8-1A86-40F0-828D-603BAEB98E15}.Debug|Any CPU.ActiveCfg = Debug|Any CPU
		{45DF05D8-1A86-40F0-828D-603BAEB98E15}.Debug|Any CPU.Build.0 = Debug|Any CPU
		{45DF05D8-1A86-40F0-828D-603BAEB98E15}.Release|Any CPU.ActiveCfg = Release|Any CPU
		{45DF05D8-1A86-40F0-828D-603BAEB98E15}.Release|Any CPU.Build.0 = Release|Any CPU
		{3CEE119A-7944-44F0-89CE-1CA947CD74EF}.Debug|Any CPU.ActiveCfg = Debug|Any CPU
		{3CEE119A-7944-44F0-89CE-1CA947CD74EF}.Debug|Any CPU.Build.0 = Debug|Any CPU
		{3CEE119A-7944-44F0-89CE-1CA947CD74EF}.Release|Any CPU.ActiveCfg = Release|Any CPU
		{3CEE119A-7944-44F0-89CE-1CA947CD74EF}.Release|Any CPU.Build.0 = Release|Any CPU
		{568786BF-4F61-4951-A085-111FE4B44632}.Debug|Any CPU.ActiveCfg = Debug|Any CPU
		{568786BF-4F61-4951-A085-111FE4B44632}.Debug|Any CPU.Build.0 = Debug|Any CPU
		{568786BF-4F61-4951-A085-111FE4B44632}.Release|Any CPU.ActiveCfg = Release|Any CPU
		{568786BF-4F61-4951-A085-111FE4B44632}.Release|Any CPU.Build.0 = Release|Any CPU
		{060A6937-BFE5-469E-ABFE-1672203D7CE6}.Debug|Any CPU.ActiveCfg = Debug|Any CPU
		{060A6937-BFE5-469E-ABFE-1672203D7CE6}.Debug|Any CPU.Build.0 = Debug|Any CPU
		{060A6937-BFE5-469E-ABFE-1672203D7CE6}.Release|Any CPU.ActiveCfg = Release|Any CPU
		{060A6937-BFE5-469E-ABFE-1672203D7CE6}.Release|Any CPU.Build.0 = Release|Any CPU
		{7B416FA7-ADC1-4AF2-AEE2-87BE488079DC}.Debug|Any CPU.ActiveCfg = Debug|Any CPU
		{7B416FA7-ADC1-4AF2-AEE2-87BE488079DC}.Debug|Any CPU.Build.0 = Debug|Any CPU
		{7B416FA7-ADC1-4AF2-AEE2-87BE488079DC}.Release|Any CPU.ActiveCfg = Release|Any CPU
		{7B416FA7-ADC1-4AF2-AEE2-87BE488079DC}.Release|Any CPU.Build.0 = Release|Any CPU
		{C664B7D5-FB71-4E8E-A1E3-4DDBA1F45EC7}.Debug|Any CPU.ActiveCfg = Debug|Any CPU
		{C664B7D5-FB71-4E8E-A1E3-4DDBA1F45EC7}.Debug|Any CPU.Build.0 = Debug|Any CPU
		{C664B7D5-FB71-4E8E-A1E3-4DDBA1F45EC7}.Release|Any CPU.ActiveCfg = Release|Any CPU
		{C664B7D5-FB71-4E8E-A1E3-4DDBA1F45EC7}.Release|Any CPU.Build.0 = Release|Any CPU
		{DD041471-763B-4040-9E78-F3B24A9E3420}.Debug|Any CPU.ActiveCfg = Debug|Any CPU
		{DD041471-763B-4040-9E78-F3B24A9E3420}.Debug|Any CPU.Build.0 = Debug|Any CPU
		{DD041471-763B-4040-9E78-F3B24A9E3420}.Release|Any CPU.ActiveCfg = Release|Any CPU
		{DD041471-763B-4040-9E78-F3B24A9E3420}.Release|Any CPU.Build.0 = Release|Any CPU
		{097E18B0-0434-4161-833D-2B63C2014AFE}.Debug|Any CPU.ActiveCfg = Debug|Any CPU
		{097E18B0-0434-4161-833D-2B63C2014AFE}.Debug|Any CPU.Build.0 = Debug|Any CPU
		{097E18B0-0434-4161-833D-2B63C2014AFE}.Release|Any CPU.ActiveCfg = Release|Any CPU
		{097E18B0-0434-4161-833D-2B63C2014AFE}.Release|Any CPU.Build.0 = Release|Any CPU
		{FFD7EEAA-EC1E-44D6-A651-A777679CEC8C}.Debug|Any CPU.ActiveCfg = Debug|Any CPU
		{FFD7EEAA-EC1E-44D6-A651-A777679CEC8C}.Debug|Any CPU.Build.0 = Debug|Any CPU
		{FFD7EEAA-EC1E-44D6-A651-A777679CEC8C}.Release|Any CPU.ActiveCfg = Release|Any CPU
		{FFD7EEAA-EC1E-44D6-A651-A777679CEC8C}.Release|Any CPU.Build.0 = Release|Any CPU
		{52CF294A-2AE6-4B03-8BD8-98474D8769DB}.Debug|Any CPU.ActiveCfg = Debug|Any CPU
		{52CF294A-2AE6-4B03-8BD8-98474D8769DB}.Debug|Any CPU.Build.0 = Debug|Any CPU
		{52CF294A-2AE6-4B03-8BD8-98474D8769DB}.Release|Any CPU.ActiveCfg = Release|Any CPU
		{52CF294A-2AE6-4B03-8BD8-98474D8769DB}.Release|Any CPU.Build.0 = Release|Any CPU
		{6F35172D-3E7E-4DA6-AF18-24A90AF48D7F}.Debug|Any CPU.ActiveCfg = Debug|Any CPU
		{6F35172D-3E7E-4DA6-AF18-24A90AF48D7F}.Debug|Any CPU.Build.0 = Debug|Any CPU
		{6F35172D-3E7E-4DA6-AF18-24A90AF48D7F}.Release|Any CPU.ActiveCfg = Release|Any CPU
		{6F35172D-3E7E-4DA6-AF18-24A90AF48D7F}.Release|Any CPU.Build.0 = Release|Any CPU
		{0A0B263C-F398-4761-AEDE-92E2BCBF2A6E}.Debug|Any CPU.ActiveCfg = Debug|Any CPU
		{0A0B263C-F398-4761-AEDE-92E2BCBF2A6E}.Debug|Any CPU.Build.0 = Debug|Any CPU
		{0A0B263C-F398-4761-AEDE-92E2BCBF2A6E}.Release|Any CPU.ActiveCfg = Release|Any CPU
		{0A0B263C-F398-4761-AEDE-92E2BCBF2A6E}.Release|Any CPU.Build.0 = Release|Any CPU
		{700AA442-6820-4B56-981F-AFE56B6D5098}.Debug|Any CPU.ActiveCfg = Debug|Any CPU
		{700AA442-6820-4B56-981F-AFE56B6D5098}.Debug|Any CPU.Build.0 = Debug|Any CPU
		{700AA442-6820-4B56-981F-AFE56B6D5098}.Release|Any CPU.ActiveCfg = Release|Any CPU
		{700AA442-6820-4B56-981F-AFE56B6D5098}.Release|Any CPU.Build.0 = Release|Any CPU
		{FE224C2E-15AF-454B-9580-8A979A2EFCAB}.Debug|Any CPU.ActiveCfg = Debug|Any CPU
		{FE224C2E-15AF-454B-9580-8A979A2EFCAB}.Debug|Any CPU.Build.0 = Debug|Any CPU
		{FE224C2E-15AF-454B-9580-8A979A2EFCAB}.Release|Any CPU.ActiveCfg = Release|Any CPU
		{FE224C2E-15AF-454B-9580-8A979A2EFCAB}.Release|Any CPU.Build.0 = Release|Any CPU
		{3BBD6F18-E0AE-495D-AC56-41B4E9BD0081}.Debug|Any CPU.ActiveCfg = Debug|Any CPU
		{3BBD6F18-E0AE-495D-AC56-41B4E9BD0081}.Debug|Any CPU.Build.0 = Debug|Any CPU
		{3BBD6F18-E0AE-495D-AC56-41B4E9BD0081}.Release|Any CPU.ActiveCfg = Release|Any CPU
		{3BBD6F18-E0AE-495D-AC56-41B4E9BD0081}.Release|Any CPU.Build.0 = Release|Any CPU
		{3ACC93D3-C82E-4E73-8ECA-179FCBD74CDF}.Debug|Any CPU.ActiveCfg = Debug|Any CPU
		{3ACC93D3-C82E-4E73-8ECA-179FCBD74CDF}.Debug|Any CPU.Build.0 = Debug|Any CPU
		{3ACC93D3-C82E-4E73-8ECA-179FCBD74CDF}.Release|Any CPU.ActiveCfg = Release|Any CPU
		{3ACC93D3-C82E-4E73-8ECA-179FCBD74CDF}.Release|Any CPU.Build.0 = Release|Any CPU
		{8F1A44A7-565C-4F22-ADA3-2E1FE731085A}.Debug|Any CPU.ActiveCfg = Debug|Any CPU
		{8F1A44A7-565C-4F22-ADA3-2E1FE731085A}.Debug|Any CPU.Build.0 = Debug|Any CPU
		{8F1A44A7-565C-4F22-ADA3-2E1FE731085A}.Release|Any CPU.ActiveCfg = Release|Any CPU
		{8F1A44A7-565C-4F22-ADA3-2E1FE731085A}.Release|Any CPU.Build.0 = Release|Any CPU
		{A5685992-E383-4917-B9E0-2BEE5AB729AE}.Debug|Any CPU.ActiveCfg = Debug|Any CPU
		{A5685992-E383-4917-B9E0-2BEE5AB729AE}.Debug|Any CPU.Build.0 = Debug|Any CPU
		{A5685992-E383-4917-B9E0-2BEE5AB729AE}.Release|Any CPU.ActiveCfg = Release|Any CPU
		{A5685992-E383-4917-B9E0-2BEE5AB729AE}.Release|Any CPU.Build.0 = Release|Any CPU
		{CE382533-A006-4C11-ACF7-16EDF1A643C5}.Debug|Any CPU.ActiveCfg = Debug|Any CPU
		{CE382533-A006-4C11-ACF7-16EDF1A643C5}.Debug|Any CPU.Build.0 = Debug|Any CPU
		{CE382533-A006-4C11-ACF7-16EDF1A643C5}.Release|Any CPU.ActiveCfg = Release|Any CPU
		{CE382533-A006-4C11-ACF7-16EDF1A643C5}.Release|Any CPU.Build.0 = Release|Any CPU
		{9B9FFA3E-EE97-454E-8C2B-09B3650B35C9}.Debug|Any CPU.ActiveCfg = Debug|Any CPU
		{9B9FFA3E-EE97-454E-8C2B-09B3650B35C9}.Debug|Any CPU.Build.0 = Debug|Any CPU
		{9B9FFA3E-EE97-454E-8C2B-09B3650B35C9}.Release|Any CPU.ActiveCfg = Release|Any CPU
		{9B9FFA3E-EE97-454E-8C2B-09B3650B35C9}.Release|Any CPU.Build.0 = Release|Any CPU
		{92768022-3C5F-4DE1-A7E6-01B435FA0750}.Debug|Any CPU.ActiveCfg = Debug|Any CPU
		{92768022-3C5F-4DE1-A7E6-01B435FA0750}.Debug|Any CPU.Build.0 = Debug|Any CPU
		{92768022-3C5F-4DE1-A7E6-01B435FA0750}.Release|Any CPU.ActiveCfg = Release|Any CPU
		{92768022-3C5F-4DE1-A7E6-01B435FA0750}.Release|Any CPU.Build.0 = Release|Any CPU
		{C67F5B2F-CFB6-406B-A1A0-E75C188F9598}.Debug|Any CPU.ActiveCfg = Debug|Any CPU
		{C67F5B2F-CFB6-406B-A1A0-E75C188F9598}.Debug|Any CPU.Build.0 = Debug|Any CPU
		{C67F5B2F-CFB6-406B-A1A0-E75C188F9598}.Release|Any CPU.ActiveCfg = Release|Any CPU
		{C67F5B2F-CFB6-406B-A1A0-E75C188F9598}.Release|Any CPU.Build.0 = Release|Any CPU
		{D27F50AE-1999-4B34-9D34-2DB240ED0113}.Debug|Any CPU.ActiveCfg = Debug|Any CPU
		{D27F50AE-1999-4B34-9D34-2DB240ED0113}.Debug|Any CPU.Build.0 = Debug|Any CPU
		{D27F50AE-1999-4B34-9D34-2DB240ED0113}.Release|Any CPU.ActiveCfg = Release|Any CPU
		{D27F50AE-1999-4B34-9D34-2DB240ED0113}.Release|Any CPU.Build.0 = Release|Any CPU
	EndGlobalSection
	GlobalSection(SolutionProperties) = preSolution
		HideSolutionNode = FALSE
	EndGlobalSection
	GlobalSection(NestedProjects) = preSolution
		{8878F592-C059-477B-9FDE-06C645B55DCC} = {22057ED7-14C3-45D7-B8DF-7F1506F5814C}
		{EDBDE8CE-A06B-40A5-A9E8-2D01BC874446} = {22057ED7-14C3-45D7-B8DF-7F1506F5814C}
		{8F9A0D81-BF07-4FF5-97F0-25F7E6A85844} = {22057ED7-14C3-45D7-B8DF-7F1506F5814C}
		{7EF8EE23-7FA5-411D-B591-8B0FCD576DA2} = {22057ED7-14C3-45D7-B8DF-7F1506F5814C}
		{5A7B4183-FD46-4425-90EC-BF31A9424755} = {8695BDF8-AD0B-45A6-909D-F491CF3CCD50}
		{F9B00448-D2E1-4CAD-8495-8E656C115AC6} = {8695BDF8-AD0B-45A6-909D-F491CF3CCD50}
		{4096B77E-AD21-418D-A78F-2BEAEB33EE51} = {BB60128F-473B-4538-BE31-E767476BC2C9}
		{05CFF29B-15D3-4E45-8981-E402DE762396} = {BB60128F-473B-4538-BE31-E767476BC2C9}
		{BABE1031-3D78-4B01-AD14-2A57D4AF2E95} = {BB60128F-473B-4538-BE31-E767476BC2C9}
		{8987FC68-08CE-4BF0-8B47-CFB7EF3C6046} = {BB60128F-473B-4538-BE31-E767476BC2C9}
		{6CB80C7D-6774-4B57-93DD-33AA8D78C9D4} = {BB60128F-473B-4538-BE31-E767476BC2C9}
		{068C8DCA-9369-40CF-9549-A1A93DBBAEDD} = {C899E5C7-3139-4303-9855-484611A4078B}
		{2105457D-5DB4-425C-B38F-D3EB1220E3FE} = {C899E5C7-3139-4303-9855-484611A4078B}
		{7B6E9AEB-99E0-4950-97EB-7E457798775A} = {C899E5C7-3139-4303-9855-484611A4078B}
		{CF3A9E1E-5883-4601-8C3F-09B4159799E4} = {C899E5C7-3139-4303-9855-484611A4078B}
		{ECF8B073-AEB3-4D5C-B2BA-9EAAE7CD5FD2} = {C899E5C7-3139-4303-9855-484611A4078B}
		{D4CBD018-10EA-41C8-BE07-8EA70A341450} = {C899E5C7-3139-4303-9855-484611A4078B}
		{C6104513-3875-41D3-97CB-80B2D5657E4E} = {C899E5C7-3139-4303-9855-484611A4078B}
		{40D57537-CCBB-4F62-9B1F-CF12DE7FD59A} = {C899E5C7-3139-4303-9855-484611A4078B}
		{CCBFCD21-416F-40C4-8CC8-20402B98E729} = {47FECF46-0630-401A-A8AB-9E91C19869A4}
		{492CF702-B5ED-41A1-B6A4-24B60E4C4979} = {47FECF46-0630-401A-A8AB-9E91C19869A4}
		{5A5E647E-C509-4A2C-8FF3-2F7A677B5D85} = {47FECF46-0630-401A-A8AB-9E91C19869A4}
		{50925B0B-CDC0-4791-8260-211C92610352} = {47FECF46-0630-401A-A8AB-9E91C19869A4}
		{3DBE5462-6D92-4806-872E-080AA5D635D3} = {5F49BFA3-5845-4AD9-AA66-D7931C167BC3}
		{8D7801E4-740C-44DE-880B-24BD844ACC49} = {5F49BFA3-5845-4AD9-AA66-D7931C167BC3}
		{BE8D90E6-7FD9-421A-B96B-A774BC8D3106} = {3CCC5F19-C15F-4B30-B632-C103FC54490C}
		{5FE3EEDA-FE4B-491C-AFC6-34EFA8CD856C} = {3CCC5F19-C15F-4B30-B632-C103FC54490C}
		{CAE02A74-7FEE-4A90-8BA5-69F8B0A1905F} = {3CCC5F19-C15F-4B30-B632-C103FC54490C}
		{191F04BC-0D65-4022-A309-AD58D3F64B49} = {3CCC5F19-C15F-4B30-B632-C103FC54490C}
		{AF7522E4-30D0-4C14-9E28-552B3B19BD60} = {3CCC5F19-C15F-4B30-B632-C103FC54490C}
		{FBAF99D5-84A4-45AE-9195-BC15BB964418} = {3CCC5F19-C15F-4B30-B632-C103FC54490C}
		{4257F5D3-EDAF-4D2A-821C-9D4AB3816215} = {3CCC5F19-C15F-4B30-B632-C103FC54490C}
		{62739657-8B0A-4D21-82DC-5C17168BB2E4} = {3CCC5F19-C15F-4B30-B632-C103FC54490C}
		{FA2B5E49-1F54-4CFC-863E-03B22D111998} = {3CCC5F19-C15F-4B30-B632-C103FC54490C}
		{2B1FD7B2-C7A5-4FE3-AB4D-F41AE331C94D} = {5AE238C2-FA14-4F31-AC20-0492FAF4729E}
		{62FFAA37-CE58-4CA1-A13A-4AF77ED771EE} = {5AE238C2-FA14-4F31-AC20-0492FAF4729E}
		{3D521E98-CCD7-4AC8-9522-22FD92C13CE6} = {5AE238C2-FA14-4F31-AC20-0492FAF4729E}
		{184289DF-28EA-4E2F-BB82-B3C8C0C98FCF} = {5AE238C2-FA14-4F31-AC20-0492FAF4729E}
		{04F3CA65-C549-4379-A3DA-786B5830DCE9} = {5AE238C2-FA14-4F31-AC20-0492FAF4729E}
		{CE4E2280-DD24-44F0-9BE0-F1875146342B} = {5AE238C2-FA14-4F31-AC20-0492FAF4729E}
		{2504BBA5-9B0E-42AD-8AE7-D68C37258262} = {E24854F2-E3E5-47CF-AFBD-0CACC227953D}
		{7F5975EA-F81E-48CE-9508-14D5E8E3DD8D} = {E24854F2-E3E5-47CF-AFBD-0CACC227953D}
		{AB7DDD32-F0F2-430E-9BDB-1F0AA4D32E22} = {E24854F2-E3E5-47CF-AFBD-0CACC227953D}
		{4D39858B-3458-4C2A-8C25-7CB78ABAE9DD} = {E24854F2-E3E5-47CF-AFBD-0CACC227953D}
		{E4CA0D31-64C2-4210-836C-CB7573645090} = {E24854F2-E3E5-47CF-AFBD-0CACC227953D}
		{407DD05C-F252-4584-A17D-E770F5493BF1} = {E24854F2-E3E5-47CF-AFBD-0CACC227953D}
		{08705EBA-C777-4964-AD86-6D183B8A6007} = {6D8AA00A-736F-4A50-9213-9C17DA305225}
		{79D045DE-E50C-4957-ABB3-DF783373ACCB} = {6D8AA00A-736F-4A50-9213-9C17DA305225}
		{E1DA62B1-C833-4DA1-8D37-A2E44B5DD20F} = {6D8AA00A-736F-4A50-9213-9C17DA305225}
		{F1A3E7C6-FD65-423E-8B90-561B313A4219} = {6D8AA00A-736F-4A50-9213-9C17DA305225}
		{C0A1B08E-3A40-42FB-AC88-0CF57333CC6D} = {6D8AA00A-736F-4A50-9213-9C17DA305225}
		{BFB3E729-94A2-4576-9FB6-495A571D3A91} = {6D8AA00A-736F-4A50-9213-9C17DA305225}
		{A2607079-FFCB-4005-AFFB-1F9995A9F465} = {6D8AA00A-736F-4A50-9213-9C17DA305225}
		{B3CC80FF-DBC3-48BA-BC30-4CD7255D03FD} = {6D8AA00A-736F-4A50-9213-9C17DA305225}
		{230F59FA-E744-4249-B2B2-343FC5F0B18E} = {6D8AA00A-736F-4A50-9213-9C17DA305225}
		{037B7BC8-040E-48EC-958D-BD0DD808A1CA} = {6D8AA00A-736F-4A50-9213-9C17DA305225}
		{314751B8-0573-49C4-B5F0-0F73F4A02D45} = {6D8AA00A-736F-4A50-9213-9C17DA305225}
		{0287E260-A0B9-4F59-BFE5-EB08BFC1B638} = {6D8AA00A-736F-4A50-9213-9C17DA305225}
		{B03F48BF-E9B4-491E-A37D-37DD17B61255} = {6D8AA00A-736F-4A50-9213-9C17DA305225}
		{CAC65A07-0C3C-41C7-9DC9-0CAF0135905C} = {6D8AA00A-736F-4A50-9213-9C17DA305225}
		{A437E5A8-3F20-4C40-BB81-B7B2DFCB6E08} = {6D8AA00A-736F-4A50-9213-9C17DA305225}
		{210910CC-9658-4229-8790-AB0ED65DB184} = {6D8AA00A-736F-4A50-9213-9C17DA305225}
		{C40A9640-90AB-4FC5-809C-A88354DCE0DB} = {6D8AA00A-736F-4A50-9213-9C17DA305225}
		{E09B1B36-6CC9-4B2E-9AED-0E1915AE0A18} = {6D8AA00A-736F-4A50-9213-9C17DA305225}
		{6C61497D-F412-4749-9840-C89A562EB202} = {6D8AA00A-736F-4A50-9213-9C17DA305225}
		{330A4A45-8649-40D6-968E-7E01344CAD84} = {0B465DED-7B65-4983-B3CE-507CEC93BD9F}
		{8C26C3B3-AB2C-4B6C-8C8B-4B7F150D7617} = {0B465DED-7B65-4983-B3CE-507CEC93BD9F}
		{E938229F-11BF-446D-9ABC-23F1E7057ABA} = {0B465DED-7B65-4983-B3CE-507CEC93BD9F}
		{1E166197-9BA5-4C2E-8D93-2E9653471BAA} = {0B465DED-7B65-4983-B3CE-507CEC93BD9F}
		{B0DC9BF5-F4C8-4696-BEC2-45A4EF5CA58C} = {0B465DED-7B65-4983-B3CE-507CEC93BD9F}
		{82A19526-3561-4BCB-9FA2-8062C46D6D86} = {0B465DED-7B65-4983-B3CE-507CEC93BD9F}
		{58688FC9-F457-4A64-8A4F-D760B7775749} = {0B465DED-7B65-4983-B3CE-507CEC93BD9F}
		{D24ADD55-469C-4C09-8C65-E44642EF8843} = {0B465DED-7B65-4983-B3CE-507CEC93BD9F}
		{EC51DB80-69BA-4DC6-AD55-DEEBA2811882} = {0B465DED-7B65-4983-B3CE-507CEC93BD9F}
		{A8C6D531-31EF-4E75-B482-FFCF498C9A35} = {0B465DED-7B65-4983-B3CE-507CEC93BD9F}
		{537D0CC2-B2E8-4FC6-AF0B-BF2790607EC4} = {0B465DED-7B65-4983-B3CE-507CEC93BD9F}
		{36E19950-1AA3-43DD-BB33-87AEFC76E83B} = {0B465DED-7B65-4983-B3CE-507CEC93BD9F}
		{FFB9E9D2-7F27-436A-B57B-A6C63F4815F4} = {0B465DED-7B65-4983-B3CE-507CEC93BD9F}
		{D5F7BC04-6E36-439B-93BD-7D7E0E5BBD74} = {0B465DED-7B65-4983-B3CE-507CEC93BD9F}
		{4BB982F9-E102-4AF2-96B1-03022849D0E4} = {0B465DED-7B65-4983-B3CE-507CEC93BD9F}
		{68973811-D74C-4BE1-9CA5-961AF2EFFE8A} = {0B465DED-7B65-4983-B3CE-507CEC93BD9F}
		{39F29A05-1641-436F-A924-7A62B88AAC92} = {0B465DED-7B65-4983-B3CE-507CEC93BD9F}
		{112EFE52-8218-4256-BCA3-97693B1AB6E9} = {0B465DED-7B65-4983-B3CE-507CEC93BD9F}
		{EC49CB3F-D462-4BF4-8D68-68D2B6BAC872} = {0B465DED-7B65-4983-B3CE-507CEC93BD9F}
		{7B0E1F50-E3D4-4FB9-BA4F-28FCB7A198AC} = {0B465DED-7B65-4983-B3CE-507CEC93BD9F}
		{9508B719-1078-4D6F-8F1A-BCE0CA9502A6} = {0B465DED-7B65-4983-B3CE-507CEC93BD9F}
		{B3029B0A-1EF1-4EC2-BE75-82FBDB4656D9} = {0B465DED-7B65-4983-B3CE-507CEC93BD9F}
		{A053EE36-67EF-47C9-B21C-13DEA09893AD} = {0B465DED-7B65-4983-B3CE-507CEC93BD9F}
		{BED69378-8F7D-4346-B058-73CE534A0070} = {0B465DED-7B65-4983-B3CE-507CEC93BD9F}
		{45DF05D8-1A86-40F0-828D-603BAEB98E15} = {0B465DED-7B65-4983-B3CE-507CEC93BD9F}
		{3CEE119A-7944-44F0-89CE-1CA947CD74EF} = {0B465DED-7B65-4983-B3CE-507CEC93BD9F}
		{568786BF-4F61-4951-A085-111FE4B44632} = {0B465DED-7B65-4983-B3CE-507CEC93BD9F}
		{060A6937-BFE5-469E-ABFE-1672203D7CE6} = {D5321F80-DF5B-43DA-AEBA-E04FB5117422}
		{7B416FA7-ADC1-4AF2-AEE2-87BE488079DC} = {D5321F80-DF5B-43DA-AEBA-E04FB5117422}
		{C664B7D5-FB71-4E8E-A1E3-4DDBA1F45EC7} = {D5321F80-DF5B-43DA-AEBA-E04FB5117422}
		{DD041471-763B-4040-9E78-F3B24A9E3420} = {D5321F80-DF5B-43DA-AEBA-E04FB5117422}
		{097E18B0-0434-4161-833D-2B63C2014AFE} = {D5321F80-DF5B-43DA-AEBA-E04FB5117422}
		{FFD7EEAA-EC1E-44D6-A651-A777679CEC8C} = {D5321F80-DF5B-43DA-AEBA-E04FB5117422}
		{52CF294A-2AE6-4B03-8BD8-98474D8769DB} = {D5321F80-DF5B-43DA-AEBA-E04FB5117422}
		{6F35172D-3E7E-4DA6-AF18-24A90AF48D7F} = {0AE8F243-0370-4E83-9625-E893001A551F}
		{0A0B263C-F398-4761-AEDE-92E2BCBF2A6E} = {0AE8F243-0370-4E83-9625-E893001A551F}
		{700AA442-6820-4B56-981F-AFE56B6D5098} = {0AE8F243-0370-4E83-9625-E893001A551F}
		{FE224C2E-15AF-454B-9580-8A979A2EFCAB} = {0AE8F243-0370-4E83-9625-E893001A551F}
		{3BBD6F18-E0AE-495D-AC56-41B4E9BD0081} = {0AE8F243-0370-4E83-9625-E893001A551F}
		{3ACC93D3-C82E-4E73-8ECA-179FCBD74CDF} = {0AE8F243-0370-4E83-9625-E893001A551F}
		{8F1A44A7-565C-4F22-ADA3-2E1FE731085A} = {B51CC312-3CBD-4EC7-B04B-EB1E5A7F5FBC}
		{A5685992-E383-4917-B9E0-2BEE5AB729AE} = {8E4EE16D-717D-417B-AADA-1B85832CECFE}
		{CE382533-A006-4C11-ACF7-16EDF1A643C5} = {64A9BF55-F828-4B54-9043-BD727D7D76F3}
		{9B9FFA3E-EE97-454E-8C2B-09B3650B35C9} = {64A9BF55-F828-4B54-9043-BD727D7D76F3}
		{92768022-3C5F-4DE1-A7E6-01B435FA0750} = {64A9BF55-F828-4B54-9043-BD727D7D76F3}
		{C67F5B2F-CFB6-406B-A1A0-E75C188F9598} = {64A9BF55-F828-4B54-9043-BD727D7D76F3}
		{D27F50AE-1999-4B34-9D34-2DB240ED0113} = {64A9BF55-F828-4B54-9043-BD727D7D76F3}
	EndGlobalSection
	GlobalSection(ExtensibilityGlobals) = postSolution
		SolutionGuid = {18C8B573-86C5-4259-9687-7BD20193AE15}
	EndGlobalSection
EndGlobal
